// !$*UTF8*$!
{
	archiveVersion = 1;
	classes = {
	};
	objectVersion = 46;
	objects = {

/* Begin PBXBuildFile section */
		23065BF51A06BA67001BA0B0 /* Images.xcassets in Resources */ = {isa = PBXBuildFile; fileRef = 23065BF41A06BA67001BA0B0 /* Images.xcassets */; };
		2314CBA0198F4CEC00A126F6 /* 76.png in Resources */ = {isa = PBXBuildFile; fileRef = 2314CB9D198F4CEC00A126F6 /* 76.png */; };
		2314CBA1198F4CEC00A126F6 /* 120.png in Resources */ = {isa = PBXBuildFile; fileRef = 2314CB9E198F4CEC00A126F6 /* 120.png */; };
		2314CBA2198F4CEC00A126F6 /* 152.png in Resources */ = {isa = PBXBuildFile; fileRef = 2314CB9F198F4CEC00A126F6 /* 152.png */; };
		2343B1DA199B2C9300349048 /* ZSSDemoList.m in Sources */ = {isa = PBXBuildFile; fileRef = 2343B1D9199B2C9300349048 /* ZSSDemoList.m */; };
		2343B1DD199B34B500349048 /* ZSSColorViewController.m in Sources */ = {isa = PBXBuildFile; fileRef = 2343B1DC199B34B500349048 /* ZSSColorViewController.m */; };
		2343B1E0199BE4D000349048 /* ZSSLargeViewController.m in Sources */ = {isa = PBXBuildFile; fileRef = 2343B1DF199BE4D000349048 /* ZSSLargeViewController.m */; };
		2343B229199D237100349048 /* ZSSPlaceholderViewController.m in Sources */ = {isa = PBXBuildFile; fileRef = 2343B228199D237100349048 /* ZSSPlaceholderViewController.m */; };
		2343B22C199D6D6400349048 /* ZSSSelectiveViewController.m in Sources */ = {isa = PBXBuildFile; fileRef = 2343B22B199D6D6400349048 /* ZSSSelectiveViewController.m */; };
		2343B22F199D6E6700349048 /* ZSSCustomButtonsViewController.m in Sources */ = {isa = PBXBuildFile; fileRef = 2343B22E199D6E6700349048 /* ZSSCustomButtonsViewController.m */; };
		456285B2184D55D800B6168E /* Icon@2x.png in Resources */ = {isa = PBXBuildFile; fileRef = 456285B1184D55D800B6168E /* Icon@2x.png */; };
		4581EB80184845790048CAB0 /* Foundation.framework in Frameworks */ = {isa = PBXBuildFile; fileRef = 4581EB7F184845790048CAB0 /* Foundation.framework */; };
		4581EB82184845790048CAB0 /* CoreGraphics.framework in Frameworks */ = {isa = PBXBuildFile; fileRef = 4581EB81184845790048CAB0 /* CoreGraphics.framework */; };
		4581EB84184845790048CAB0 /* UIKit.framework in Frameworks */ = {isa = PBXBuildFile; fileRef = 4581EB83184845790048CAB0 /* UIKit.framework */; };
		4581EB8A1848457A0048CAB0 /* InfoPlist.strings in Resources */ = {isa = PBXBuildFile; fileRef = 4581EB881848457A0048CAB0 /* InfoPlist.strings */; };
		4581EB8C1848457A0048CAB0 /* main.m in Sources */ = {isa = PBXBuildFile; fileRef = 4581EB8B1848457A0048CAB0 /* main.m */; };
		4581EB901848457A0048CAB0 /* ZSSAppDelegate.m in Sources */ = {isa = PBXBuildFile; fileRef = 4581EB8F1848457A0048CAB0 /* ZSSAppDelegate.m */; };
		4581EBB81848F8190048CAB0 /* ZSSDemoViewController.m in Sources */ = {isa = PBXBuildFile; fileRef = 4581EBB71848F8190048CAB0 /* ZSSDemoViewController.m */; };
		45E38AB618AC3AA70079C928 /* Default-568h@2x.png in Resources */ = {isa = PBXBuildFile; fileRef = 45E38AB518AC3AA70079C928 /* Default-568h@2x.png */; };
		45F80458189B1E9300A1EDD9 /* ZSSDemoPickerViewController.m in Sources */ = {isa = PBXBuildFile; fileRef = 45F80457189B1E9300A1EDD9 /* ZSSDemoPickerViewController.m */; };
		6C0C23951ED3E36800C12BA4 /* RYIndicatorBackgroudView.m in Sources */ = {isa = PBXBuildFile; fileRef = 6C0C238E1ED3E36800C12BA4 /* RYIndicatorBackgroudView.m */; };
		6C0C23961ED3E36800C12BA4 /* ZSSBarButtonItem.m in Sources */ = {isa = PBXBuildFile; fileRef = 6C0C23901ED3E36800C12BA4 /* ZSSBarButtonItem.m */; };
		6C0C23971ED3E36800C12BA4 /* ZSSFontsViewController.m in Sources */ = {isa = PBXBuildFile; fileRef = 6C0C23921ED3E36800C12BA4 /* ZSSFontsViewController.m */; };
		6C0C23981ED3E36800C12BA4 /* ZSSTextView.m in Sources */ = {isa = PBXBuildFile; fileRef = 6C0C23941ED3E36800C12BA4 /* ZSSTextView.m */; };
		6C0C239B1ED3E38600C12BA4 /* ZSSRichTextEditor.m in Sources */ = {isa = PBXBuildFile; fileRef = 6C0C239A1ED3E38600C12BA4 /* ZSSRichTextEditor.m */; };
		6C0C23A01ED3E3AC00C12BA4 /* editor.html in Resources */ = {isa = PBXBuildFile; fileRef = 6C0C239C1ED3E3AC00C12BA4 /* editor.html */; };
		6C0C23A11ED3E3AC00C12BA4 /* jQuery.js in Resources */ = {isa = PBXBuildFile; fileRef = 6C0C239D1ED3E3AC00C12BA4 /* jQuery.js */; };
		6C0C23A21ED3E3AC00C12BA4 /* JSBeautifier.js in Resources */ = {isa = PBXBuildFile; fileRef = 6C0C239E1ED3E3AC00C12BA4 /* JSBeautifier.js */; };
		6C0C23A31ED3E3AC00C12BA4 /* ZSSRichTextEditor.js in Resources */ = {isa = PBXBuildFile; fileRef = 6C0C239F1ED3E3AC00C12BA4 /* ZSSRichTextEditor.js */; };
		6C0C23DC1ED3E3DD00C12BA4 /* t1@2x.png in Resources */ = {isa = PBXBuildFile; fileRef = 6C0C23A41ED3E3DD00C12BA4 /* t1@2x.png */; };
		6C0C23DD1ED3E3DD00C12BA4 /* t1@3x.png in Resources */ = {isa = PBXBuildFile; fileRef = 6C0C23A51ED3E3DD00C12BA4 /* t1@3x.png */; };
		6C0C23DE1ED3E3DD00C12BA4 /* t2@2x.png in Resources */ = {isa = PBXBuildFile; fileRef = 6C0C23A61ED3E3DD00C12BA4 /* t2@2x.png */; };
		6C0C23DF1ED3E3DD00C12BA4 /* t2@3x.png in Resources */ = {isa = PBXBuildFile; fileRef = 6C0C23A71ED3E3DD00C12BA4 /* t2@3x.png */; };
		6C0C23E01ED3E3DD00C12BA4 /* t2点击@2x.png in Resources */ = {isa = PBXBuildFile; fileRef = 6C0C23A81ED3E3DD00C12BA4 /* t2点击@2x.png */; };
		6C0C23E11ED3E3DD00C12BA4 /* t2点击@3x.png in Resources */ = {isa = PBXBuildFile; fileRef = 6C0C23A91ED3E3DD00C12BA4 /* t2点击@3x.png */; };
		6C0C23E21ED3E3DD00C12BA4 /* t3@2x.png in Resources */ = {isa = PBXBuildFile; fileRef = 6C0C23AA1ED3E3DD00C12BA4 /* t3@2x.png */; };
		6C0C23E31ED3E3DD00C12BA4 /* t3@3x.png in Resources */ = {isa = PBXBuildFile; fileRef = 6C0C23AB1ED3E3DD00C12BA4 /* t3@3x.png */; };
		6C0C23E41ED3E3DD00C12BA4 /* t3点击@2x.png in Resources */ = {isa = PBXBuildFile; fileRef = 6C0C23AC1ED3E3DD00C12BA4 /* t3点击@2x.png */; };
		6C0C23E51ED3E3DD00C12BA4 /* t3点击@3x.png in Resources */ = {isa = PBXBuildFile; fileRef = 6C0C23AD1ED3E3DD00C12BA4 /* t3点击@3x.png */; };
		6C0C23E61ED3E3DD00C12BA4 /* t4@2x.png in Resources */ = {isa = PBXBuildFile; fileRef = 6C0C23AE1ED3E3DD00C12BA4 /* t4@2x.png */; };
		6C0C23E71ED3E3DD00C12BA4 /* t4@3x.png in Resources */ = {isa = PBXBuildFile; fileRef = 6C0C23AF1ED3E3DD00C12BA4 /* t4@3x.png */; };
		6C0C23E81ED3E3DD00C12BA4 /* t4点击@2x.png in Resources */ = {isa = PBXBuildFile; fileRef = 6C0C23B01ED3E3DD00C12BA4 /* t4点击@2x.png */; };
		6C0C23E91ED3E3DD00C12BA4 /* t4点击@3x.png in Resources */ = {isa = PBXBuildFile; fileRef = 6C0C23B11ED3E3DD00C12BA4 /* t4点击@3x.png */; };
		6C0C23EA1ED3E3DD00C12BA4 /* t5@2x.png in Resources */ = {isa = PBXBuildFile; fileRef = 6C0C23B21ED3E3DD00C12BA4 /* t5@2x.png */; };
		6C0C23EB1ED3E3DD00C12BA4 /* t5@3x.png in Resources */ = {isa = PBXBuildFile; fileRef = 6C0C23B31ED3E3DD00C12BA4 /* t5@3x.png */; };
		6C0C23EC1ED3E3DD00C12BA4 /* t5点击@2x.png in Resources */ = {isa = PBXBuildFile; fileRef = 6C0C23B41ED3E3DD00C12BA4 /* t5点击@2x.png */; };
		6C0C23ED1ED3E3DD00C12BA4 /* t5点击@3x.png in Resources */ = {isa = PBXBuildFile; fileRef = 6C0C23B51ED3E3DD00C12BA4 /* t5点击@3x.png */; };
		6C0C23EE1ED3E3DD00C12BA4 /* t6@2x.png in Resources */ = {isa = PBXBuildFile; fileRef = 6C0C23B61ED3E3DD00C12BA4 /* t6@2x.png */; };
		6C0C23EF1ED3E3DD00C12BA4 /* t6@3x.png in Resources */ = {isa = PBXBuildFile; fileRef = 6C0C23B71ED3E3DD00C12BA4 /* t6@3x.png */; };
		6C0C23F01ED3E3DD00C12BA4 /* t31@2x.png in Resources */ = {isa = PBXBuildFile; fileRef = 6C0C23B81ED3E3DD00C12BA4 /* t31@2x.png */; };
		6C0C23F11ED3E3DD00C12BA4 /* t31@3x.png in Resources */ = {isa = PBXBuildFile; fileRef = 6C0C23B91ED3E3DD00C12BA4 /* t31@3x.png */; };
		6C0C23F21ED3E3DD00C12BA4 /* t31点击@2x.png in Resources */ = {isa = PBXBuildFile; fileRef = 6C0C23BA1ED3E3DD00C12BA4 /* t31点击@2x.png */; };
		6C0C23F31ED3E3DD00C12BA4 /* t31点击@3x.png in Resources */ = {isa = PBXBuildFile; fileRef = 6C0C23BB1ED3E3DD00C12BA4 /* t31点击@3x.png */; };
		6C0C23F41ED3E3DD00C12BA4 /* t32@2x.png in Resources */ = {isa = PBXBuildFile; fileRef = 6C0C23BC1ED3E3DD00C12BA4 /* t32@2x.png */; };
		6C0C23F51ED3E3DD00C12BA4 /* t32@3x.png in Resources */ = {isa = PBXBuildFile; fileRef = 6C0C23BD1ED3E3DD00C12BA4 /* t32@3x.png */; };
		6C0C23F61ED3E3DD00C12BA4 /* t32点击@2x.png in Resources */ = {isa = PBXBuildFile; fileRef = 6C0C23BE1ED3E3DD00C12BA4 /* t32点击@2x.png */; };
		6C0C23F71ED3E3DD00C12BA4 /* t32点击@3x.png in Resources */ = {isa = PBXBuildFile; fileRef = 6C0C23BF1ED3E3DD00C12BA4 /* t32点击@3x.png */; };
		6C0C23F81ED3E3DD00C12BA4 /* t33@2x.png in Resources */ = {isa = PBXBuildFile; fileRef = 6C0C23C01ED3E3DD00C12BA4 /* t33@2x.png */; };
		6C0C23F91ED3E3DD00C12BA4 /* t33@3x.png in Resources */ = {isa = PBXBuildFile; fileRef = 6C0C23C11ED3E3DD00C12BA4 /* t33@3x.png */; };
		6C0C23FA1ED3E3DD00C12BA4 /* t33点击@2x.png in Resources */ = {isa = PBXBuildFile; fileRef = 6C0C23C21ED3E3DD00C12BA4 /* t33点击@2x.png */; };
		6C0C23FB1ED3E3DD00C12BA4 /* t33点击@3x.png in Resources */ = {isa = PBXBuildFile; fileRef = 6C0C23C31ED3E3DD00C12BA4 /* t33点击@3x.png */; };
		6C0C23FC1ED3E3DD00C12BA4 /* t41@2x.png in Resources */ = {isa = PBXBuildFile; fileRef = 6C0C23C41ED3E3DD00C12BA4 /* t41@2x.png */; };
		6C0C23FD1ED3E3DD00C12BA4 /* t41@3x.png in Resources */ = {isa = PBXBuildFile; fileRef = 6C0C23C51ED3E3DD00C12BA4 /* t41@3x.png */; };
		6C0C23FE1ED3E3DD00C12BA4 /* t41点击@2x.png in Resources */ = {isa = PBXBuildFile; fileRef = 6C0C23C61ED3E3DD00C12BA4 /* t41点击@2x.png */; };
		6C0C23FF1ED3E3DD00C12BA4 /* t41点击@3x.png in Resources */ = {isa = PBXBuildFile; fileRef = 6C0C23C71ED3E3DD00C12BA4 /* t41点击@3x.png */; };
		6C0C24001ED3E3DD00C12BA4 /* t42@2x.png in Resources */ = {isa = PBXBuildFile; fileRef = 6C0C23C81ED3E3DD00C12BA4 /* t42@2x.png */; };
		6C0C24011ED3E3DD00C12BA4 /* t42@3x.png in Resources */ = {isa = PBXBuildFile; fileRef = 6C0C23C91ED3E3DD00C12BA4 /* t42@3x.png */; };
		6C0C24021ED3E3DD00C12BA4 /* t42点击@2x.png in Resources */ = {isa = PBXBuildFile; fileRef = 6C0C23CA1ED3E3DD00C12BA4 /* t42点击@2x.png */; };
		6C0C24031ED3E3DD00C12BA4 /* t42点击@3x.png in Resources */ = {isa = PBXBuildFile; fileRef = 6C0C23CB1ED3E3DD00C12BA4 /* t42点击@3x.png */; };
		6C0C24041ED3E3DD00C12BA4 /* t51@2x.png in Resources */ = {isa = PBXBuildFile; fileRef = 6C0C23CC1ED3E3DD00C12BA4 /* t51@2x.png */; };
		6C0C24051ED3E3DD00C12BA4 /* t51@3x.png in Resources */ = {isa = PBXBuildFile; fileRef = 6C0C23CD1ED3E3DD00C12BA4 /* t51@3x.png */; };
		6C0C24061ED3E3DD00C12BA4 /* t51点击@2x.png in Resources */ = {isa = PBXBuildFile; fileRef = 6C0C23CE1ED3E3DD00C12BA4 /* t51点击@2x.png */; };
		6C0C24071ED3E3DD00C12BA4 /* t51点击@3x.png in Resources */ = {isa = PBXBuildFile; fileRef = 6C0C23CF1ED3E3DD00C12BA4 /* t51点击@3x.png */; };
		6C0C24081ED3E3DD00C12BA4 /* t52@2x.png in Resources */ = {isa = PBXBuildFile; fileRef = 6C0C23D01ED3E3DD00C12BA4 /* t52@2x.png */; };
		6C0C24091ED3E3DD00C12BA4 /* t52@3x.png in Resources */ = {isa = PBXBuildFile; fileRef = 6C0C23D11ED3E3DD00C12BA4 /* t52@3x.png */; };
		6C0C240A1ED3E3DD00C12BA4 /* t52点击@2x.png in Resources */ = {isa = PBXBuildFile; fileRef = 6C0C23D21ED3E3DD00C12BA4 /* t52点击@2x.png */; };
		6C0C240B1ED3E3DD00C12BA4 /* t52点击@3x.png in Resources */ = {isa = PBXBuildFile; fileRef = 6C0C23D31ED3E3DD00C12BA4 /* t52点击@3x.png */; };
		6C0C240C1ED3E3DD00C12BA4 /* t53@2x.png in Resources */ = {isa = PBXBuildFile; fileRef = 6C0C23D41ED3E3DD00C12BA4 /* t53@2x.png */; };
		6C0C240D1ED3E3DD00C12BA4 /* t53@3x.png in Resources */ = {isa = PBXBuildFile; fileRef = 6C0C23D51ED3E3DD00C12BA4 /* t53@3x.png */; };
		6C0C240E1ED3E3DD00C12BA4 /* t53点击@2x.png in Resources */ = {isa = PBXBuildFile; fileRef = 6C0C23D61ED3E3DD00C12BA4 /* t53点击@2x.png */; };
		6C0C240F1ED3E3DD00C12BA4 /* t53点击@3x.png in Resources */ = {isa = PBXBuildFile; fileRef = 6C0C23D71ED3E3DD00C12BA4 /* t53点击@3x.png */; };
		6C0C24101ED3E3DD00C12BA4 /* Text-bold-tilt@2x.png in Resources */ = {isa = PBXBuildFile; fileRef = 6C0C23D81ED3E3DD00C12BA4 /* Text-bold-tilt@2x.png */; };
		6C0C24111ED3E3DD00C12BA4 /* Text-bold-tilt@3x.png in Resources */ = {isa = PBXBuildFile; fileRef = 6C0C23D91ED3E3DD00C12BA4 /* Text-bold-tilt@3x.png */; };
		6C0C24121ED3E3DD00C12BA4 /* textrecognition@2x.png in Resources */ = {isa = PBXBuildFile; fileRef = 6C0C23DA1ED3E3DD00C12BA4 /* textrecognition@2x.png */; };
		6C0C24131ED3E3DD00C12BA4 /* textrecognition@3x.png in Resources */ = {isa = PBXBuildFile; fileRef = 6C0C23DB1ED3E3DD00C12BA4 /* textrecognition@3x.png */; };
		6C0C24181ED3E3FF00C12BA4 /* IATConfig.m in Sources */ = {isa = PBXBuildFile; fileRef = 6C0C24151ED3E3FF00C12BA4 /* IATConfig.m */; };
		6C0C24191ED3E3FF00C12BA4 /* ISRDataHelper.m in Sources */ = {isa = PBXBuildFile; fileRef = 6C0C24171ED3E3FF00C12BA4 /* ISRDataHelper.m */; };
		6CC96F451ED41B3E00715A50 /* HRBrightnessCursor.m in Sources */ = {isa = PBXBuildFile; fileRef = 6CC96F391ED41B3E00715A50 /* HRBrightnessCursor.m */; };
		6CC96F461ED41B3E00715A50 /* HRCgUtil.m in Sources */ = {isa = PBXBuildFile; fileRef = 6CC96F3B1ED41B3E00715A50 /* HRCgUtil.m */; };
		6CC96F471ED41B3E00715A50 /* HRColorCursor.m in Sources */ = {isa = PBXBuildFile; fileRef = 6CC96F3D1ED41B3E00715A50 /* HRColorCursor.m */; };
		6CC96F481ED41B3E00715A50 /* HRColorPickerView.m in Sources */ = {isa = PBXBuildFile; fileRef = 6CC96F401ED41B3E00715A50 /* HRColorPickerView.m */; };
		6CC96F491ED41B3E00715A50 /* HRColorPickerViewController.m in Sources */ = {isa = PBXBuildFile; fileRef = 6CC96F421ED41B3E00715A50 /* HRColorPickerViewController.m */; };
		6CC96F4A1ED41B3E00715A50 /* HRColorUtil.m in Sources */ = {isa = PBXBuildFile; fileRef = 6CC96F441ED41B3E00715A50 /* HRColorUtil.m */; };
		6CFBF8D81ED41B9D003D574C /* AipBase.framework in Frameworks */ = {isa = PBXBuildFile; fileRef = 6CFBF8D61ED41B9D003D574C /* AipBase.framework */; };
		6CFBF8D91ED41B9D003D574C /* AipBase.framework in Embed Frameworks */ = {isa = PBXBuildFile; fileRef = 6CFBF8D61ED41B9D003D574C /* AipBase.framework */; settings = {ATTRIBUTES = (CodeSignOnCopy, RemoveHeadersOnCopy, ); }; };
		6CFBF8DA1ED41B9D003D574C /* AipOcrSdk.framework in Frameworks */ = {isa = PBXBuildFile; fileRef = 6CFBF8D71ED41B9D003D574C /* AipOcrSdk.framework */; };
		6CFBF8DB1ED41B9D003D574C /* AipOcrSdk.framework in Embed Frameworks */ = {isa = PBXBuildFile; fileRef = 6CFBF8D71ED41B9D003D574C /* AipOcrSdk.framework */; settings = {ATTRIBUTES = (CodeSignOnCopy, RemoveHeadersOnCopy, ); }; };
		6CFBF8DD1ED41BB6003D574C /* iflyMSC.framework in Frameworks */ = {isa = PBXBuildFile; fileRef = 6CFBF8DC1ED41BB6003D574C /* iflyMSC.framework */; };
		6CFBF8DF1ED41CF9003D574C /* AVFoundation.framework in Frameworks */ = {isa = PBXBuildFile; fileRef = 6CFBF8DE1ED41CF9003D574C /* AVFoundation.framework */; };
		6CFBF8E11ED41D01003D574C /* SystemConfiguration.framework in Frameworks */ = {isa = PBXBuildFile; fileRef = 6CFBF8E01ED41D01003D574C /* SystemConfiguration.framework */; };
		6CFBF8E31ED41D0D003D574C /* CoreTelephony.framework in Frameworks */ = {isa = PBXBuildFile; fileRef = 6CFBF8E21ED41D0D003D574C /* CoreTelephony.framework */; };
		6CFBF8E51ED41D17003D574C /* AudioToolbox.framework in Frameworks */ = {isa = PBXBuildFile; fileRef = 6CFBF8E41ED41D17003D574C /* AudioToolbox.framework */; };
		6CFBF8E71ED41D20003D574C /* CoreLocation.framework in Frameworks */ = {isa = PBXBuildFile; fileRef = 6CFBF8E61ED41D20003D574C /* CoreLocation.framework */; };
		6CFBF8E91ED41D26003D574C /* Contacts.framework in Frameworks */ = {isa = PBXBuildFile; fileRef = 6CFBF8E81ED41D26003D574C /* Contacts.framework */; };
		6CFBF8EB1ED41D2C003D574C /* AddressBook.framework in Frameworks */ = {isa = PBXBuildFile; fileRef = 6CFBF8EA1ED41D2C003D574C /* AddressBook.framework */; };
		6CFBF8ED1ED41D37003D574C /* QuartzCore.framework in Frameworks */ = {isa = PBXBuildFile; fileRef = 6CFBF8EC1ED41D37003D574C /* QuartzCore.framework */; };
		6CFBF8EF1ED41D56003D574C /* libz.tbd in Frameworks */ = {isa = PBXBuildFile; fileRef = 6CFBF8EE1ED41D56003D574C /* libz.tbd */; };
		6CFBF8F11ED41D5D003D574C /* libc++.tbd in Frameworks */ = {isa = PBXBuildFile; fileRef = 6CFBF8F01ED41D5D003D574C /* libc++.tbd */; };
		6CFBF99F1ED42D22003D574C /* CYRLayoutManager.m in Sources */ = {isa = PBXBuildFile; fileRef = 6CFBF9981ED42D22003D574C /* CYRLayoutManager.m */; };
		6CFBF9A01ED42D22003D574C /* CYRTextStorage.m in Sources */ = {isa = PBXBuildFile; fileRef = 6CFBF99A1ED42D22003D574C /* CYRTextStorage.m */; };
		6CFBF9A11ED42D22003D574C /* CYRTextView.m in Sources */ = {isa = PBXBuildFile; fileRef = 6CFBF99C1ED42D22003D574C /* CYRTextView.m */; };
		6CFBF9A21ED42D22003D574C /* CYRToken.m in Sources */ = {isa = PBXBuildFile; fileRef = 6CFBF99E1ED42D22003D574C /* CYRToken.m */; };
		AF9F784BA7050C6004927372 /* libPods-ZSSRichTextEditor.a in Frameworks */ = {isa = PBXBuildFile; fileRef = FCF165E01C6C6590D4DC06CB /* libPods-ZSSRichTextEditor.a */; };
		DB1D27A61D79F62D00EC1CBD /* DemoModalViewController.m in Sources */ = {isa = PBXBuildFile; fileRef = DB1D27A51D79F62D00EC1CBD /* DemoModalViewController.m */; };
/* End PBXBuildFile section */

/* Begin PBXCopyFilesBuildPhase section */
		6CC96F2B1ED41A8000715A50 /* Embed Frameworks */ = {
			isa = PBXCopyFilesBuildPhase;
			buildActionMask = 2147483647;
			dstPath = "";
			dstSubfolderSpec = 10;
			files = (
				6CFBF8D91ED41B9D003D574C /* AipBase.framework in Embed Frameworks */,
				6CFBF8DB1ED41B9D003D574C /* AipOcrSdk.framework in Embed Frameworks */,
			);
			name = "Embed Frameworks";
			runOnlyForDeploymentPostprocessing = 0;
		};
/* End PBXCopyFilesBuildPhase section */

/* Begin PBXFileReference section */
		06561609547B01459C9EE6E4 /* Pods-ZSSRichTextEditor.adhoc.xcconfig */ = {isa = PBXFileReference; includeInIndex = 1; lastKnownFileType = text.xcconfig; name = "Pods-ZSSRichTextEditor.adhoc.xcconfig"; path = "Pods/Target Support Files/Pods-ZSSRichTextEditor/Pods-ZSSRichTextEditor.adhoc.xcconfig"; sourceTree = "<group>"; };
		0A7D48CEE69C71F896266A02 /* Pods-ZSSRichTextEditor.debug.xcconfig */ = {isa = PBXFileReference; includeInIndex = 1; lastKnownFileType = text.xcconfig; name = "Pods-ZSSRichTextEditor.debug.xcconfig"; path = "Pods/Target Support Files/Pods-ZSSRichTextEditor/Pods-ZSSRichTextEditor.debug.xcconfig"; sourceTree = "<group>"; };
		23065BF41A06BA67001BA0B0 /* Images.xcassets */ = {isa = PBXFileReference; lastKnownFileType = folder.assetcatalog; name = Images.xcassets; path = ZSSRichTextEditor/Images.xcassets; sourceTree = "<group>"; };
		2314CB9D198F4CEC00A126F6 /* 76.png */ = {isa = PBXFileReference; lastKnownFileType = image.png; path = 76.png; sourceTree = "<group>"; };
		2314CB9E198F4CEC00A126F6 /* 120.png */ = {isa = PBXFileReference; lastKnownFileType = image.png; path = 120.png; sourceTree = "<group>"; };
		2314CB9F198F4CEC00A126F6 /* 152.png */ = {isa = PBXFileReference; lastKnownFileType = image.png; path = 152.png; sourceTree = "<group>"; };
		2343B1D8199B2C9300349048 /* ZSSDemoList.h */ = {isa = PBXFileReference; fileEncoding = 4; lastKnownFileType = sourcecode.c.h; name = ZSSDemoList.h; path = Classes/ZSSDemoList.h; sourceTree = "<group>"; };
		2343B1D9199B2C9300349048 /* ZSSDemoList.m */ = {isa = PBXFileReference; fileEncoding = 4; lastKnownFileType = sourcecode.c.objc; name = ZSSDemoList.m; path = Classes/ZSSDemoList.m; sourceTree = "<group>"; };
		2343B1DB199B34B500349048 /* ZSSColorViewController.h */ = {isa = PBXFileReference; fileEncoding = 4; lastKnownFileType = sourcecode.c.h; name = ZSSColorViewController.h; path = Classes/ZSSColorViewController.h; sourceTree = "<group>"; };
		2343B1DC199B34B500349048 /* ZSSColorViewController.m */ = {isa = PBXFileReference; fileEncoding = 4; lastKnownFileType = sourcecode.c.objc; name = ZSSColorViewController.m; path = Classes/ZSSColorViewController.m; sourceTree = "<group>"; };
		2343B1DE199BE4D000349048 /* ZSSLargeViewController.h */ = {isa = PBXFileReference; fileEncoding = 4; lastKnownFileType = sourcecode.c.h; name = ZSSLargeViewController.h; path = Classes/ZSSLargeViewController.h; sourceTree = "<group>"; };
		2343B1DF199BE4D000349048 /* ZSSLargeViewController.m */ = {isa = PBXFileReference; fileEncoding = 4; lastKnownFileType = sourcecode.c.objc; name = ZSSLargeViewController.m; path = Classes/ZSSLargeViewController.m; sourceTree = "<group>"; };
		2343B227199D237100349048 /* ZSSPlaceholderViewController.h */ = {isa = PBXFileReference; fileEncoding = 4; lastKnownFileType = sourcecode.c.h; name = ZSSPlaceholderViewController.h; path = Classes/ZSSPlaceholderViewController.h; sourceTree = "<group>"; };
		2343B228199D237100349048 /* ZSSPlaceholderViewController.m */ = {isa = PBXFileReference; fileEncoding = 4; lastKnownFileType = sourcecode.c.objc; name = ZSSPlaceholderViewController.m; path = Classes/ZSSPlaceholderViewController.m; sourceTree = "<group>"; };
		2343B22A199D6D6400349048 /* ZSSSelectiveViewController.h */ = {isa = PBXFileReference; fileEncoding = 4; lastKnownFileType = sourcecode.c.h; name = ZSSSelectiveViewController.h; path = Classes/ZSSSelectiveViewController.h; sourceTree = "<group>"; };
		2343B22B199D6D6400349048 /* ZSSSelectiveViewController.m */ = {isa = PBXFileReference; fileEncoding = 4; lastKnownFileType = sourcecode.c.objc; name = ZSSSelectiveViewController.m; path = Classes/ZSSSelectiveViewController.m; sourceTree = "<group>"; };
		2343B22D199D6E6700349048 /* ZSSCustomButtonsViewController.h */ = {isa = PBXFileReference; fileEncoding = 4; lastKnownFileType = sourcecode.c.h; name = ZSSCustomButtonsViewController.h; path = Classes/ZSSCustomButtonsViewController.h; sourceTree = "<group>"; };
		2343B22E199D6E6700349048 /* ZSSCustomButtonsViewController.m */ = {isa = PBXFileReference; fileEncoding = 4; lastKnownFileType = sourcecode.c.objc; name = ZSSCustomButtonsViewController.m; path = Classes/ZSSCustomButtonsViewController.m; sourceTree = "<group>"; };
		456285B1184D55D800B6168E /* Icon@2x.png */ = {isa = PBXFileReference; lastKnownFileType = image.png; path = "Icon@2x.png"; sourceTree = "<group>"; };
		4581EB7C184845790048CAB0 /* ZSSRichTextEditor.app */ = {isa = PBXFileReference; explicitFileType = wrapper.application; includeInIndex = 0; path = ZSSRichTextEditor.app; sourceTree = BUILT_PRODUCTS_DIR; };
		4581EB7F184845790048CAB0 /* Foundation.framework */ = {isa = PBXFileReference; lastKnownFileType = wrapper.framework; name = Foundation.framework; path = System/Library/Frameworks/Foundation.framework; sourceTree = SDKROOT; };
		4581EB81184845790048CAB0 /* CoreGraphics.framework */ = {isa = PBXFileReference; lastKnownFileType = wrapper.framework; name = CoreGraphics.framework; path = System/Library/Frameworks/CoreGraphics.framework; sourceTree = SDKROOT; };
		4581EB83184845790048CAB0 /* UIKit.framework */ = {isa = PBXFileReference; lastKnownFileType = wrapper.framework; name = UIKit.framework; path = System/Library/Frameworks/UIKit.framework; sourceTree = SDKROOT; };
		4581EB871848457A0048CAB0 /* ZSSRichTextEditor-Info.plist */ = {isa = PBXFileReference; lastKnownFileType = text.plist.xml; path = "ZSSRichTextEditor-Info.plist"; sourceTree = "<group>"; };
		4581EB891848457A0048CAB0 /* en */ = {isa = PBXFileReference; lastKnownFileType = text.plist.strings; name = en; path = en.lproj/InfoPlist.strings; sourceTree = "<group>"; };
		4581EB8B1848457A0048CAB0 /* main.m */ = {isa = PBXFileReference; lastKnownFileType = sourcecode.c.objc; path = main.m; sourceTree = "<group>"; };
		4581EB8D1848457A0048CAB0 /* ZSSRichTextEditor-Prefix.pch */ = {isa = PBXFileReference; lastKnownFileType = sourcecode.c.h; path = "ZSSRichTextEditor-Prefix.pch"; sourceTree = "<group>"; };
		4581EB8E1848457A0048CAB0 /* ZSSAppDelegate.h */ = {isa = PBXFileReference; lastKnownFileType = sourcecode.c.h; name = ZSSAppDelegate.h; path = Classes/ZSSAppDelegate.h; sourceTree = "<group>"; };
		4581EB8F1848457A0048CAB0 /* ZSSAppDelegate.m */ = {isa = PBXFileReference; lastKnownFileType = sourcecode.c.objc; name = ZSSAppDelegate.m; path = Classes/ZSSAppDelegate.m; sourceTree = "<group>"; };
		4581EB981848457A0048CAB0 /* XCTest.framework */ = {isa = PBXFileReference; lastKnownFileType = wrapper.framework; name = XCTest.framework; path = Library/Frameworks/XCTest.framework; sourceTree = DEVELOPER_DIR; };
		4581EBAE1848459F0048CAB0 /* CoreText.framework */ = {isa = PBXFileReference; lastKnownFileType = wrapper.framework; name = CoreText.framework; path = System/Library/Frameworks/CoreText.framework; sourceTree = SDKROOT; };
		4581EBB61848F8190048CAB0 /* ZSSDemoViewController.h */ = {isa = PBXFileReference; fileEncoding = 4; lastKnownFileType = sourcecode.c.h; name = ZSSDemoViewController.h; path = Classes/ZSSDemoViewController.h; sourceTree = "<group>"; };
		4581EBB71848F8190048CAB0 /* ZSSDemoViewController.m */ = {isa = PBXFileReference; fileEncoding = 4; lastKnownFileType = sourcecode.c.objc; name = ZSSDemoViewController.m; path = Classes/ZSSDemoViewController.m; sourceTree = "<group>"; };
		45E38AB518AC3AA70079C928 /* Default-568h@2x.png */ = {isa = PBXFileReference; lastKnownFileType = image.png; path = "Default-568h@2x.png"; sourceTree = "<group>"; };
		45F80456189B1E9300A1EDD9 /* ZSSDemoPickerViewController.h */ = {isa = PBXFileReference; fileEncoding = 4; lastKnownFileType = sourcecode.c.h; name = ZSSDemoPickerViewController.h; path = Classes/ZSSDemoPickerViewController.h; sourceTree = "<group>"; };
		45F80457189B1E9300A1EDD9 /* ZSSDemoPickerViewController.m */ = {isa = PBXFileReference; fileEncoding = 4; lastKnownFileType = sourcecode.c.objc; name = ZSSDemoPickerViewController.m; path = Classes/ZSSDemoPickerViewController.m; sourceTree = "<group>"; };
		6C0C238D1ED3E36800C12BA4 /* RYIndicatorBackgroudView.h */ = {isa = PBXFileReference; fileEncoding = 4; lastKnownFileType = sourcecode.c.h; name = RYIndicatorBackgroudView.h; path = TWRichTextEditor/RYIndicatorBackgroudView.h; sourceTree = "<group>"; };
		6C0C238E1ED3E36800C12BA4 /* RYIndicatorBackgroudView.m */ = {isa = PBXFileReference; fileEncoding = 4; lastKnownFileType = sourcecode.c.objc; name = RYIndicatorBackgroudView.m; path = TWRichTextEditor/RYIndicatorBackgroudView.m; sourceTree = "<group>"; };
		6C0C238F1ED3E36800C12BA4 /* ZSSBarButtonItem.h */ = {isa = PBXFileReference; fileEncoding = 4; lastKnownFileType = sourcecode.c.h; name = ZSSBarButtonItem.h; path = TWRichTextEditor/ZSSBarButtonItem.h; sourceTree = "<group>"; };
		6C0C23901ED3E36800C12BA4 /* ZSSBarButtonItem.m */ = {isa = PBXFileReference; fileEncoding = 4; lastKnownFileType = sourcecode.c.objc; name = ZSSBarButtonItem.m; path = TWRichTextEditor/ZSSBarButtonItem.m; sourceTree = "<group>"; };
		6C0C23911ED3E36800C12BA4 /* ZSSFontsViewController.h */ = {isa = PBXFileReference; fileEncoding = 4; lastKnownFileType = sourcecode.c.h; name = ZSSFontsViewController.h; path = TWRichTextEditor/ZSSFontsViewController.h; sourceTree = "<group>"; };
		6C0C23921ED3E36800C12BA4 /* ZSSFontsViewController.m */ = {isa = PBXFileReference; fileEncoding = 4; lastKnownFileType = sourcecode.c.objc; name = ZSSFontsViewController.m; path = TWRichTextEditor/ZSSFontsViewController.m; sourceTree = "<group>"; };
		6C0C23931ED3E36800C12BA4 /* ZSSTextView.h */ = {isa = PBXFileReference; fileEncoding = 4; lastKnownFileType = sourcecode.c.h; name = ZSSTextView.h; path = TWRichTextEditor/ZSSTextView.h; sourceTree = "<group>"; };
		6C0C23941ED3E36800C12BA4 /* ZSSTextView.m */ = {isa = PBXFileReference; fileEncoding = 4; lastKnownFileType = sourcecode.c.objc; name = ZSSTextView.m; path = TWRichTextEditor/ZSSTextView.m; sourceTree = "<group>"; };
		6C0C23991ED3E38500C12BA4 /* ZSSRichTextEditor.h */ = {isa = PBXFileReference; fileEncoding = 4; lastKnownFileType = sourcecode.c.h; name = ZSSRichTextEditor.h; path = TWRichTextEditor/ZSSRichTextEditor.h; sourceTree = "<group>"; };
		6C0C239A1ED3E38600C12BA4 /* ZSSRichTextEditor.m */ = {isa = PBXFileReference; fileEncoding = 4; lastKnownFileType = sourcecode.c.objc; name = ZSSRichTextEditor.m; path = TWRichTextEditor/ZSSRichTextEditor.m; sourceTree = "<group>"; };
		6C0C239C1ED3E3AC00C12BA4 /* editor.html */ = {isa = PBXFileReference; fileEncoding = 4; lastKnownFileType = text.html; name = editor.html; path = TWRichTextEditor/Resource/editor.html; sourceTree = "<group>"; };
		6C0C239D1ED3E3AC00C12BA4 /* jQuery.js */ = {isa = PBXFileReference; fileEncoding = 4; lastKnownFileType = sourcecode.javascript; name = jQuery.js; path = TWRichTextEditor/Resource/jQuery.js; sourceTree = "<group>"; };
		6C0C239E1ED3E3AC00C12BA4 /* JSBeautifier.js */ = {isa = PBXFileReference; fileEncoding = 4; lastKnownFileType = sourcecode.javascript; name = JSBeautifier.js; path = TWRichTextEditor/Resource/JSBeautifier.js; sourceTree = "<group>"; };
		6C0C239F1ED3E3AC00C12BA4 /* ZSSRichTextEditor.js */ = {isa = PBXFileReference; fileEncoding = 4; lastKnownFileType = sourcecode.javascript; name = ZSSRichTextEditor.js; path = TWRichTextEditor/Resource/ZSSRichTextEditor.js; sourceTree = "<group>"; };
		6C0C23A41ED3E3DD00C12BA4 /* t1@2x.png */ = {isa = PBXFileReference; lastKnownFileType = image.png; name = "t1@2x.png"; path = "TWRichTextEditor/Images/t1@2x.png"; sourceTree = "<group>"; };
		6C0C23A51ED3E3DD00C12BA4 /* t1@3x.png */ = {isa = PBXFileReference; lastKnownFileType = image.png; name = "t1@3x.png"; path = "TWRichTextEditor/Images/t1@3x.png"; sourceTree = "<group>"; };
		6C0C23A61ED3E3DD00C12BA4 /* t2@2x.png */ = {isa = PBXFileReference; lastKnownFileType = image.png; name = "t2@2x.png"; path = "TWRichTextEditor/Images/t2@2x.png"; sourceTree = "<group>"; };
		6C0C23A71ED3E3DD00C12BA4 /* t2@3x.png */ = {isa = PBXFileReference; lastKnownFileType = image.png; name = "t2@3x.png"; path = "TWRichTextEditor/Images/t2@3x.png"; sourceTree = "<group>"; };
		6C0C23A81ED3E3DD00C12BA4 /* t2点击@2x.png */ = {isa = PBXFileReference; lastKnownFileType = image.png; name = "t2点击@2x.png"; path = "TWRichTextEditor/Images/t2点击@2x.png"; sourceTree = "<group>"; };
		6C0C23A91ED3E3DD00C12BA4 /* t2点击@3x.png */ = {isa = PBXFileReference; lastKnownFileType = image.png; name = "t2点击@3x.png"; path = "TWRichTextEditor/Images/t2点击@3x.png"; sourceTree = "<group>"; };
		6C0C23AA1ED3E3DD00C12BA4 /* t3@2x.png */ = {isa = PBXFileReference; lastKnownFileType = image.png; name = "t3@2x.png"; path = "TWRichTextEditor/Images/t3@2x.png"; sourceTree = "<group>"; };
		6C0C23AB1ED3E3DD00C12BA4 /* t3@3x.png */ = {isa = PBXFileReference; lastKnownFileType = image.png; name = "t3@3x.png"; path = "TWRichTextEditor/Images/t3@3x.png"; sourceTree = "<group>"; };
		6C0C23AC1ED3E3DD00C12BA4 /* t3点击@2x.png */ = {isa = PBXFileReference; lastKnownFileType = image.png; name = "t3点击@2x.png"; path = "TWRichTextEditor/Images/t3点击@2x.png"; sourceTree = "<group>"; };
		6C0C23AD1ED3E3DD00C12BA4 /* t3点击@3x.png */ = {isa = PBXFileReference; lastKnownFileType = image.png; name = "t3点击@3x.png"; path = "TWRichTextEditor/Images/t3点击@3x.png"; sourceTree = "<group>"; };
		6C0C23AE1ED3E3DD00C12BA4 /* t4@2x.png */ = {isa = PBXFileReference; lastKnownFileType = image.png; name = "t4@2x.png"; path = "TWRichTextEditor/Images/t4@2x.png"; sourceTree = "<group>"; };
		6C0C23AF1ED3E3DD00C12BA4 /* t4@3x.png */ = {isa = PBXFileReference; lastKnownFileType = image.png; name = "t4@3x.png"; path = "TWRichTextEditor/Images/t4@3x.png"; sourceTree = "<group>"; };
		6C0C23B01ED3E3DD00C12BA4 /* t4点击@2x.png */ = {isa = PBXFileReference; lastKnownFileType = image.png; name = "t4点击@2x.png"; path = "TWRichTextEditor/Images/t4点击@2x.png"; sourceTree = "<group>"; };
		6C0C23B11ED3E3DD00C12BA4 /* t4点击@3x.png */ = {isa = PBXFileReference; lastKnownFileType = image.png; name = "t4点击@3x.png"; path = "TWRichTextEditor/Images/t4点击@3x.png"; sourceTree = "<group>"; };
		6C0C23B21ED3E3DD00C12BA4 /* t5@2x.png */ = {isa = PBXFileReference; lastKnownFileType = image.png; name = "t5@2x.png"; path = "TWRichTextEditor/Images/t5@2x.png"; sourceTree = "<group>"; };
		6C0C23B31ED3E3DD00C12BA4 /* t5@3x.png */ = {isa = PBXFileReference; lastKnownFileType = image.png; name = "t5@3x.png"; path = "TWRichTextEditor/Images/t5@3x.png"; sourceTree = "<group>"; };
		6C0C23B41ED3E3DD00C12BA4 /* t5点击@2x.png */ = {isa = PBXFileReference; lastKnownFileType = image.png; name = "t5点击@2x.png"; path = "TWRichTextEditor/Images/t5点击@2x.png"; sourceTree = "<group>"; };
		6C0C23B51ED3E3DD00C12BA4 /* t5点击@3x.png */ = {isa = PBXFileReference; lastKnownFileType = image.png; name = "t5点击@3x.png"; path = "TWRichTextEditor/Images/t5点击@3x.png"; sourceTree = "<group>"; };
		6C0C23B61ED3E3DD00C12BA4 /* t6@2x.png */ = {isa = PBXFileReference; lastKnownFileType = image.png; name = "t6@2x.png"; path = "TWRichTextEditor/Images/t6@2x.png"; sourceTree = "<group>"; };
		6C0C23B71ED3E3DD00C12BA4 /* t6@3x.png */ = {isa = PBXFileReference; lastKnownFileType = image.png; name = "t6@3x.png"; path = "TWRichTextEditor/Images/t6@3x.png"; sourceTree = "<group>"; };
		6C0C23B81ED3E3DD00C12BA4 /* t31@2x.png */ = {isa = PBXFileReference; lastKnownFileType = image.png; name = "t31@2x.png"; path = "TWRichTextEditor/Images/t31@2x.png"; sourceTree = "<group>"; };
		6C0C23B91ED3E3DD00C12BA4 /* t31@3x.png */ = {isa = PBXFileReference; lastKnownFileType = image.png; name = "t31@3x.png"; path = "TWRichTextEditor/Images/t31@3x.png"; sourceTree = "<group>"; };
		6C0C23BA1ED3E3DD00C12BA4 /* t31点击@2x.png */ = {isa = PBXFileReference; lastKnownFileType = image.png; name = "t31点击@2x.png"; path = "TWRichTextEditor/Images/t31点击@2x.png"; sourceTree = "<group>"; };
		6C0C23BB1ED3E3DD00C12BA4 /* t31点击@3x.png */ = {isa = PBXFileReference; lastKnownFileType = image.png; name = "t31点击@3x.png"; path = "TWRichTextEditor/Images/t31点击@3x.png"; sourceTree = "<group>"; };
		6C0C23BC1ED3E3DD00C12BA4 /* t32@2x.png */ = {isa = PBXFileReference; lastKnownFileType = image.png; name = "t32@2x.png"; path = "TWRichTextEditor/Images/t32@2x.png"; sourceTree = "<group>"; };
		6C0C23BD1ED3E3DD00C12BA4 /* t32@3x.png */ = {isa = PBXFileReference; lastKnownFileType = image.png; name = "t32@3x.png"; path = "TWRichTextEditor/Images/t32@3x.png"; sourceTree = "<group>"; };
		6C0C23BE1ED3E3DD00C12BA4 /* t32点击@2x.png */ = {isa = PBXFileReference; lastKnownFileType = image.png; name = "t32点击@2x.png"; path = "TWRichTextEditor/Images/t32点击@2x.png"; sourceTree = "<group>"; };
		6C0C23BF1ED3E3DD00C12BA4 /* t32点击@3x.png */ = {isa = PBXFileReference; lastKnownFileType = image.png; name = "t32点击@3x.png"; path = "TWRichTextEditor/Images/t32点击@3x.png"; sourceTree = "<group>"; };
		6C0C23C01ED3E3DD00C12BA4 /* t33@2x.png */ = {isa = PBXFileReference; lastKnownFileType = image.png; name = "t33@2x.png"; path = "TWRichTextEditor/Images/t33@2x.png"; sourceTree = "<group>"; };
		6C0C23C11ED3E3DD00C12BA4 /* t33@3x.png */ = {isa = PBXFileReference; lastKnownFileType = image.png; name = "t33@3x.png"; path = "TWRichTextEditor/Images/t33@3x.png"; sourceTree = "<group>"; };
		6C0C23C21ED3E3DD00C12BA4 /* t33点击@2x.png */ = {isa = PBXFileReference; lastKnownFileType = image.png; name = "t33点击@2x.png"; path = "TWRichTextEditor/Images/t33点击@2x.png"; sourceTree = "<group>"; };
		6C0C23C31ED3E3DD00C12BA4 /* t33点击@3x.png */ = {isa = PBXFileReference; lastKnownFileType = image.png; name = "t33点击@3x.png"; path = "TWRichTextEditor/Images/t33点击@3x.png"; sourceTree = "<group>"; };
		6C0C23C41ED3E3DD00C12BA4 /* t41@2x.png */ = {isa = PBXFileReference; lastKnownFileType = image.png; name = "t41@2x.png"; path = "TWRichTextEditor/Images/t41@2x.png"; sourceTree = "<group>"; };
		6C0C23C51ED3E3DD00C12BA4 /* t41@3x.png */ = {isa = PBXFileReference; lastKnownFileType = image.png; name = "t41@3x.png"; path = "TWRichTextEditor/Images/t41@3x.png"; sourceTree = "<group>"; };
		6C0C23C61ED3E3DD00C12BA4 /* t41点击@2x.png */ = {isa = PBXFileReference; lastKnownFileType = image.png; name = "t41点击@2x.png"; path = "TWRichTextEditor/Images/t41点击@2x.png"; sourceTree = "<group>"; };
		6C0C23C71ED3E3DD00C12BA4 /* t41点击@3x.png */ = {isa = PBXFileReference; lastKnownFileType = image.png; name = "t41点击@3x.png"; path = "TWRichTextEditor/Images/t41点击@3x.png"; sourceTree = "<group>"; };
		6C0C23C81ED3E3DD00C12BA4 /* t42@2x.png */ = {isa = PBXFileReference; lastKnownFileType = image.png; name = "t42@2x.png"; path = "TWRichTextEditor/Images/t42@2x.png"; sourceTree = "<group>"; };
		6C0C23C91ED3E3DD00C12BA4 /* t42@3x.png */ = {isa = PBXFileReference; lastKnownFileType = image.png; name = "t42@3x.png"; path = "TWRichTextEditor/Images/t42@3x.png"; sourceTree = "<group>"; };
		6C0C23CA1ED3E3DD00C12BA4 /* t42点击@2x.png */ = {isa = PBXFileReference; lastKnownFileType = image.png; name = "t42点击@2x.png"; path = "TWRichTextEditor/Images/t42点击@2x.png"; sourceTree = "<group>"; };
		6C0C23CB1ED3E3DD00C12BA4 /* t42点击@3x.png */ = {isa = PBXFileReference; lastKnownFileType = image.png; name = "t42点击@3x.png"; path = "TWRichTextEditor/Images/t42点击@3x.png"; sourceTree = "<group>"; };
		6C0C23CC1ED3E3DD00C12BA4 /* t51@2x.png */ = {isa = PBXFileReference; lastKnownFileType = image.png; name = "t51@2x.png"; path = "TWRichTextEditor/Images/t51@2x.png"; sourceTree = "<group>"; };
		6C0C23CD1ED3E3DD00C12BA4 /* t51@3x.png */ = {isa = PBXFileReference; lastKnownFileType = image.png; name = "t51@3x.png"; path = "TWRichTextEditor/Images/t51@3x.png"; sourceTree = "<group>"; };
		6C0C23CE1ED3E3DD00C12BA4 /* t51点击@2x.png */ = {isa = PBXFileReference; lastKnownFileType = image.png; name = "t51点击@2x.png"; path = "TWRichTextEditor/Images/t51点击@2x.png"; sourceTree = "<group>"; };
		6C0C23CF1ED3E3DD00C12BA4 /* t51点击@3x.png */ = {isa = PBXFileReference; lastKnownFileType = image.png; name = "t51点击@3x.png"; path = "TWRichTextEditor/Images/t51点击@3x.png"; sourceTree = "<group>"; };
		6C0C23D01ED3E3DD00C12BA4 /* t52@2x.png */ = {isa = PBXFileReference; lastKnownFileType = image.png; name = "t52@2x.png"; path = "TWRichTextEditor/Images/t52@2x.png"; sourceTree = "<group>"; };
		6C0C23D11ED3E3DD00C12BA4 /* t52@3x.png */ = {isa = PBXFileReference; lastKnownFileType = image.png; name = "t52@3x.png"; path = "TWRichTextEditor/Images/t52@3x.png"; sourceTree = "<group>"; };
		6C0C23D21ED3E3DD00C12BA4 /* t52点击@2x.png */ = {isa = PBXFileReference; lastKnownFileType = image.png; name = "t52点击@2x.png"; path = "TWRichTextEditor/Images/t52点击@2x.png"; sourceTree = "<group>"; };
		6C0C23D31ED3E3DD00C12BA4 /* t52点击@3x.png */ = {isa = PBXFileReference; lastKnownFileType = image.png; name = "t52点击@3x.png"; path = "TWRichTextEditor/Images/t52点击@3x.png"; sourceTree = "<group>"; };
		6C0C23D41ED3E3DD00C12BA4 /* t53@2x.png */ = {isa = PBXFileReference; lastKnownFileType = image.png; name = "t53@2x.png"; path = "TWRichTextEditor/Images/t53@2x.png"; sourceTree = "<group>"; };
		6C0C23D51ED3E3DD00C12BA4 /* t53@3x.png */ = {isa = PBXFileReference; lastKnownFileType = image.png; name = "t53@3x.png"; path = "TWRichTextEditor/Images/t53@3x.png"; sourceTree = "<group>"; };
		6C0C23D61ED3E3DD00C12BA4 /* t53点击@2x.png */ = {isa = PBXFileReference; lastKnownFileType = image.png; name = "t53点击@2x.png"; path = "TWRichTextEditor/Images/t53点击@2x.png"; sourceTree = "<group>"; };
		6C0C23D71ED3E3DD00C12BA4 /* t53点击@3x.png */ = {isa = PBXFileReference; lastKnownFileType = image.png; name = "t53点击@3x.png"; path = "TWRichTextEditor/Images/t53点击@3x.png"; sourceTree = "<group>"; };
		6C0C23D81ED3E3DD00C12BA4 /* Text-bold-tilt@2x.png */ = {isa = PBXFileReference; lastKnownFileType = image.png; name = "Text-bold-tilt@2x.png"; path = "TWRichTextEditor/Images/Text-bold-tilt@2x.png"; sourceTree = "<group>"; };
		6C0C23D91ED3E3DD00C12BA4 /* Text-bold-tilt@3x.png */ = {isa = PBXFileReference; lastKnownFileType = image.png; name = "Text-bold-tilt@3x.png"; path = "TWRichTextEditor/Images/Text-bold-tilt@3x.png"; sourceTree = "<group>"; };
		6C0C23DA1ED3E3DD00C12BA4 /* textrecognition@2x.png */ = {isa = PBXFileReference; lastKnownFileType = image.png; name = "textrecognition@2x.png"; path = "TWRichTextEditor/Images/textrecognition@2x.png"; sourceTree = "<group>"; };
		6C0C23DB1ED3E3DD00C12BA4 /* textrecognition@3x.png */ = {isa = PBXFileReference; lastKnownFileType = image.png; name = "textrecognition@3x.png"; path = "TWRichTextEditor/Images/textrecognition@3x.png"; sourceTree = "<group>"; };
		6C0C24141ED3E3FF00C12BA4 /* IATConfig.h */ = {isa = PBXFileReference; fileEncoding = 4; lastKnownFileType = sourcecode.c.h; name = IATConfig.h; path = TWRichTextEditor/IATConfig.h; sourceTree = "<group>"; };
		6C0C24151ED3E3FF00C12BA4 /* IATConfig.m */ = {isa = PBXFileReference; fileEncoding = 4; lastKnownFileType = sourcecode.c.objc; name = IATConfig.m; path = TWRichTextEditor/IATConfig.m; sourceTree = "<group>"; };
		6C0C24161ED3E3FF00C12BA4 /* ISRDataHelper.h */ = {isa = PBXFileReference; fileEncoding = 4; lastKnownFileType = sourcecode.c.h; name = ISRDataHelper.h; path = TWRichTextEditor/ISRDataHelper.h; sourceTree = "<group>"; };
		6C0C24171ED3E3FF00C12BA4 /* ISRDataHelper.m */ = {isa = PBXFileReference; fileEncoding = 4; lastKnownFileType = sourcecode.c.objc; name = ISRDataHelper.m; path = TWRichTextEditor/ISRDataHelper.m; sourceTree = "<group>"; };
		6C0C24391ED3E73000C12BA4 /* iflyMSC.framework */ = {isa = PBXFileReference; lastKnownFileType = wrapper.framework; name = iflyMSC.framework; path = "ZSSRichTextEditor/TWRichTextEditor/Third Party/iflyMSC.framework"; sourceTree = "<group>"; };
		6C0C243B1ED3E75400C12BA4 /* AipBase.framework */ = {isa = PBXFileReference; lastKnownFileType = wrapper.framework; name = AipBase.framework; path = "ZSSRichTextEditor/TWRichTextEditor/Third Party/AipBase.framework"; sourceTree = "<group>"; };
		6C0C243C1ED3E75400C12BA4 /* AipOcrSdk.framework */ = {isa = PBXFileReference; lastKnownFileType = wrapper.framework; name = AipOcrSdk.framework; path = "ZSSRichTextEditor/TWRichTextEditor/Third Party/AipOcrSdk.framework"; sourceTree = "<group>"; };
		6CC96F381ED41B3E00715A50 /* HRBrightnessCursor.h */ = {isa = PBXFileReference; fileEncoding = 4; lastKnownFileType = sourcecode.c.h; name = HRBrightnessCursor.h; path = ZSSRichTextEditor/TWRichTextEditor/ThirdParty/HRBrightnessCursor.h; sourceTree = SOURCE_ROOT; };
		6CC96F391ED41B3E00715A50 /* HRBrightnessCursor.m */ = {isa = PBXFileReference; fileEncoding = 4; lastKnownFileType = sourcecode.c.objc; name = HRBrightnessCursor.m; path = ZSSRichTextEditor/TWRichTextEditor/ThirdParty/HRBrightnessCursor.m; sourceTree = SOURCE_ROOT; };
		6CC96F3A1ED41B3E00715A50 /* HRCgUtil.h */ = {isa = PBXFileReference; fileEncoding = 4; lastKnownFileType = sourcecode.c.h; name = HRCgUtil.h; path = ZSSRichTextEditor/TWRichTextEditor/ThirdParty/HRCgUtil.h; sourceTree = SOURCE_ROOT; };
		6CC96F3B1ED41B3E00715A50 /* HRCgUtil.m */ = {isa = PBXFileReference; fileEncoding = 4; lastKnownFileType = sourcecode.c.objc; name = HRCgUtil.m; path = ZSSRichTextEditor/TWRichTextEditor/ThirdParty/HRCgUtil.m; sourceTree = SOURCE_ROOT; };
		6CC96F3C1ED41B3E00715A50 /* HRColorCursor.h */ = {isa = PBXFileReference; fileEncoding = 4; lastKnownFileType = sourcecode.c.h; name = HRColorCursor.h; path = ZSSRichTextEditor/TWRichTextEditor/ThirdParty/HRColorCursor.h; sourceTree = SOURCE_ROOT; };
		6CC96F3D1ED41B3E00715A50 /* HRColorCursor.m */ = {isa = PBXFileReference; fileEncoding = 4; lastKnownFileType = sourcecode.c.objc; name = HRColorCursor.m; path = ZSSRichTextEditor/TWRichTextEditor/ThirdParty/HRColorCursor.m; sourceTree = SOURCE_ROOT; };
		6CC96F3E1ED41B3E00715A50 /* HRColorPickerMacros.h */ = {isa = PBXFileReference; fileEncoding = 4; lastKnownFileType = sourcecode.c.h; name = HRColorPickerMacros.h; path = ZSSRichTextEditor/TWRichTextEditor/ThirdParty/HRColorPickerMacros.h; sourceTree = SOURCE_ROOT; };
		6CC96F3F1ED41B3E00715A50 /* HRColorPickerView.h */ = {isa = PBXFileReference; fileEncoding = 4; lastKnownFileType = sourcecode.c.h; name = HRColorPickerView.h; path = ZSSRichTextEditor/TWRichTextEditor/ThirdParty/HRColorPickerView.h; sourceTree = SOURCE_ROOT; };
		6CC96F401ED41B3E00715A50 /* HRColorPickerView.m */ = {isa = PBXFileReference; fileEncoding = 4; lastKnownFileType = sourcecode.c.objc; name = HRColorPickerView.m; path = ZSSRichTextEditor/TWRichTextEditor/ThirdParty/HRColorPickerView.m; sourceTree = SOURCE_ROOT; };
		6CC96F411ED41B3E00715A50 /* HRColorPickerViewController.h */ = {isa = PBXFileReference; fileEncoding = 4; lastKnownFileType = sourcecode.c.h; name = HRColorPickerViewController.h; path = ZSSRichTextEditor/TWRichTextEditor/ThirdParty/HRColorPickerViewController.h; sourceTree = SOURCE_ROOT; };
		6CC96F421ED41B3E00715A50 /* HRColorPickerViewController.m */ = {isa = PBXFileReference; fileEncoding = 4; lastKnownFileType = sourcecode.c.objc; name = HRColorPickerViewController.m; path = ZSSRichTextEditor/TWRichTextEditor/ThirdParty/HRColorPickerViewController.m; sourceTree = SOURCE_ROOT; };
		6CC96F431ED41B3E00715A50 /* HRColorUtil.h */ = {isa = PBXFileReference; fileEncoding = 4; lastKnownFileType = sourcecode.c.h; name = HRColorUtil.h; path = ZSSRichTextEditor/TWRichTextEditor/ThirdParty/HRColorUtil.h; sourceTree = SOURCE_ROOT; };
		6CC96F441ED41B3E00715A50 /* HRColorUtil.m */ = {isa = PBXFileReference; fileEncoding = 4; lastKnownFileType = sourcecode.c.objc; name = HRColorUtil.m; path = ZSSRichTextEditor/TWRichTextEditor/ThirdParty/HRColorUtil.m; sourceTree = SOURCE_ROOT; };
		6CFBF8D61ED41B9D003D574C /* AipBase.framework */ = {isa = PBXFileReference; lastKnownFileType = wrapper.framework; name = AipBase.framework; path = ZSSRichTextEditor/TWRichTextEditor/ThirdParty/AipBase.framework; sourceTree = "<group>"; };
		6CFBF8D71ED41B9D003D574C /* AipOcrSdk.framework */ = {isa = PBXFileReference; lastKnownFileType = wrapper.framework; name = AipOcrSdk.framework; path = ZSSRichTextEditor/TWRichTextEditor/ThirdParty/AipOcrSdk.framework; sourceTree = "<group>"; };
		6CFBF8DC1ED41BB6003D574C /* iflyMSC.framework */ = {isa = PBXFileReference; lastKnownFileType = wrapper.framework; name = iflyMSC.framework; path = ZSSRichTextEditor/TWRichTextEditor/ThirdParty/iflyMSC.framework; sourceTree = "<group>"; };
		6CFBF8DE1ED41CF9003D574C /* AVFoundation.framework */ = {isa = PBXFileReference; lastKnownFileType = wrapper.framework; name = AVFoundation.framework; path = System/Library/Frameworks/AVFoundation.framework; sourceTree = SDKROOT; };
		6CFBF8E01ED41D01003D574C /* SystemConfiguration.framework */ = {isa = PBXFileReference; lastKnownFileType = wrapper.framework; name = SystemConfiguration.framework; path = System/Library/Frameworks/SystemConfiguration.framework; sourceTree = SDKROOT; };
		6CFBF8E21ED41D0D003D574C /* CoreTelephony.framework */ = {isa = PBXFileReference; lastKnownFileType = wrapper.framework; name = CoreTelephony.framework; path = System/Library/Frameworks/CoreTelephony.framework; sourceTree = SDKROOT; };
		6CFBF8E41ED41D17003D574C /* AudioToolbox.framework */ = {isa = PBXFileReference; lastKnownFileType = wrapper.framework; name = AudioToolbox.framework; path = System/Library/Frameworks/AudioToolbox.framework; sourceTree = SDKROOT; };
		6CFBF8E61ED41D20003D574C /* CoreLocation.framework */ = {isa = PBXFileReference; lastKnownFileType = wrapper.framework; name = CoreLocation.framework; path = System/Library/Frameworks/CoreLocation.framework; sourceTree = SDKROOT; };
		6CFBF8E81ED41D26003D574C /* Contacts.framework */ = {isa = PBXFileReference; lastKnownFileType = wrapper.framework; name = Contacts.framework; path = System/Library/Frameworks/Contacts.framework; sourceTree = SDKROOT; };
		6CFBF8EA1ED41D2C003D574C /* AddressBook.framework */ = {isa = PBXFileReference; lastKnownFileType = wrapper.framework; name = AddressBook.framework; path = System/Library/Frameworks/AddressBook.framework; sourceTree = SDKROOT; };
		6CFBF8EC1ED41D37003D574C /* QuartzCore.framework */ = {isa = PBXFileReference; lastKnownFileType = wrapper.framework; name = QuartzCore.framework; path = System/Library/Frameworks/QuartzCore.framework; sourceTree = SDKROOT; };
		6CFBF8EE1ED41D56003D574C /* libz.tbd */ = {isa = PBXFileReference; lastKnownFileType = "sourcecode.text-based-dylib-definition"; name = libz.tbd; path = usr/lib/libz.tbd; sourceTree = SDKROOT; };
		6CFBF8F01ED41D5D003D574C /* libc++.tbd */ = {isa = PBXFileReference; lastKnownFileType = "sourcecode.text-based-dylib-definition"; name = "libc++.tbd"; path = "usr/lib/libc++.tbd"; sourceTree = SDKROOT; };
		6CFBF9971ED42D22003D574C /* CYRLayoutManager.h */ = {isa = PBXFileReference; fileEncoding = 4; lastKnownFileType = sourcecode.c.h; name = CYRLayoutManager.h; path = ZSSRichTextEditor/TWRichTextEditor/ThirdParty/CYRLayoutManager.h; sourceTree = SOURCE_ROOT; };
		6CFBF9981ED42D22003D574C /* CYRLayoutManager.m */ = {isa = PBXFileReference; fileEncoding = 4; lastKnownFileType = sourcecode.c.objc; name = CYRLayoutManager.m; path = ZSSRichTextEditor/TWRichTextEditor/ThirdParty/CYRLayoutManager.m; sourceTree = SOURCE_ROOT; };
		6CFBF9991ED42D22003D574C /* CYRTextStorage.h */ = {isa = PBXFileReference; fileEncoding = 4; lastKnownFileType = sourcecode.c.h; name = CYRTextStorage.h; path = ZSSRichTextEditor/TWRichTextEditor/ThirdParty/CYRTextStorage.h; sourceTree = SOURCE_ROOT; };
		6CFBF99A1ED42D22003D574C /* CYRTextStorage.m */ = {isa = PBXFileReference; fileEncoding = 4; lastKnownFileType = sourcecode.c.objc; name = CYRTextStorage.m; path = ZSSRichTextEditor/TWRichTextEditor/ThirdParty/CYRTextStorage.m; sourceTree = SOURCE_ROOT; };
		6CFBF99B1ED42D22003D574C /* CYRTextView.h */ = {isa = PBXFileReference; fileEncoding = 4; lastKnownFileType = sourcecode.c.h; name = CYRTextView.h; path = ZSSRichTextEditor/TWRichTextEditor/ThirdParty/CYRTextView.h; sourceTree = SOURCE_ROOT; };
		6CFBF99C1ED42D22003D574C /* CYRTextView.m */ = {isa = PBXFileReference; fileEncoding = 4; lastKnownFileType = sourcecode.c.objc; name = CYRTextView.m; path = ZSSRichTextEditor/TWRichTextEditor/ThirdParty/CYRTextView.m; sourceTree = SOURCE_ROOT; };
		6CFBF99D1ED42D22003D574C /* CYRToken.h */ = {isa = PBXFileReference; fileEncoding = 4; lastKnownFileType = sourcecode.c.h; name = CYRToken.h; path = ZSSRichTextEditor/TWRichTextEditor/ThirdParty/CYRToken.h; sourceTree = SOURCE_ROOT; };
		6CFBF99E1ED42D22003D574C /* CYRToken.m */ = {isa = PBXFileReference; fileEncoding = 4; lastKnownFileType = sourcecode.c.objc; name = CYRToken.m; path = ZSSRichTextEditor/TWRichTextEditor/ThirdParty/CYRToken.m; sourceTree = SOURCE_ROOT; };
		DA51B4DC721F433D4DE2FCDC /* Pods-ZSSRichTextEditor.release.xcconfig */ = {isa = PBXFileReference; includeInIndex = 1; lastKnownFileType = text.xcconfig; name = "Pods-ZSSRichTextEditor.release.xcconfig"; path = "Pods/Target Support Files/Pods-ZSSRichTextEditor/Pods-ZSSRichTextEditor.release.xcconfig"; sourceTree = "<group>"; };
		DB1D27A41D79F62D00EC1CBD /* DemoModalViewController.h */ = {isa = PBXFileReference; fileEncoding = 4; lastKnownFileType = sourcecode.c.h; path = DemoModalViewController.h; sourceTree = "<group>"; };
		DB1D27A51D79F62D00EC1CBD /* DemoModalViewController.m */ = {isa = PBXFileReference; fileEncoding = 4; lastKnownFileType = sourcecode.c.objc; path = DemoModalViewController.m; sourceTree = "<group>"; };
		FCF165E01C6C6590D4DC06CB /* libPods-ZSSRichTextEditor.a */ = {isa = PBXFileReference; explicitFileType = archive.ar; includeInIndex = 0; path = "libPods-ZSSRichTextEditor.a"; sourceTree = BUILT_PRODUCTS_DIR; };
/* End PBXFileReference section */

/* Begin PBXFrameworksBuildPhase section */
		4581EB79184845790048CAB0 /* Frameworks */ = {
			isa = PBXFrameworksBuildPhase;
			buildActionMask = 2147483647;
			files = (
				6CFBF8F11ED41D5D003D574C /* libc++.tbd in Frameworks */,
				6CFBF8EF1ED41D56003D574C /* libz.tbd in Frameworks */,
				4581EB82184845790048CAB0 /* CoreGraphics.framework in Frameworks */,
				6CFBF8ED1ED41D37003D574C /* QuartzCore.framework in Frameworks */,
				6CFBF8EB1ED41D2C003D574C /* AddressBook.framework in Frameworks */,
				6CFBF8E91ED41D26003D574C /* Contacts.framework in Frameworks */,
				6CFBF8E71ED41D20003D574C /* CoreLocation.framework in Frameworks */,
				6CFBF8E51ED41D17003D574C /* AudioToolbox.framework in Frameworks */,
				6CFBF8E31ED41D0D003D574C /* CoreTelephony.framework in Frameworks */,
				6CFBF8E11ED41D01003D574C /* SystemConfiguration.framework in Frameworks */,
				6CFBF8DF1ED41CF9003D574C /* AVFoundation.framework in Frameworks */,
				6CFBF8DD1ED41BB6003D574C /* iflyMSC.framework in Frameworks */,
				6CFBF8D81ED41B9D003D574C /* AipBase.framework in Frameworks */,
				4581EB84184845790048CAB0 /* UIKit.framework in Frameworks */,
				4581EB80184845790048CAB0 /* Foundation.framework in Frameworks */,
				6CFBF8DA1ED41B9D003D574C /* AipOcrSdk.framework in Frameworks */,
				AF9F784BA7050C6004927372 /* libPods-ZSSRichTextEditor.a in Frameworks */,
			);
			runOnlyForDeploymentPostprocessing = 0;
		};
/* End PBXFrameworksBuildPhase section */

/* Begin PBXGroup section */
		2343B1D7199B2C3C00349048 /* Demo */ = {
			isa = PBXGroup;
			children = (
				4581EBB61848F8190048CAB0 /* ZSSDemoViewController.h */,
				4581EBB71848F8190048CAB0 /* ZSSDemoViewController.m */,
				45F80456189B1E9300A1EDD9 /* ZSSDemoPickerViewController.h */,
				45F80457189B1E9300A1EDD9 /* ZSSDemoPickerViewController.m */,
				2343B1D8199B2C9300349048 /* ZSSDemoList.h */,
				2343B1D9199B2C9300349048 /* ZSSDemoList.m */,
				2343B1DB199B34B500349048 /* ZSSColorViewController.h */,
				2343B1DC199B34B500349048 /* ZSSColorViewController.m */,
				2343B1DE199BE4D000349048 /* ZSSLargeViewController.h */,
				2343B1DF199BE4D000349048 /* ZSSLargeViewController.m */,
				2343B227199D237100349048 /* ZSSPlaceholderViewController.h */,
				2343B228199D237100349048 /* ZSSPlaceholderViewController.m */,
				2343B22A199D6D6400349048 /* ZSSSelectiveViewController.h */,
				2343B22B199D6D6400349048 /* ZSSSelectiveViewController.m */,
				2343B22D199D6E6700349048 /* ZSSCustomButtonsViewController.h */,
				2343B22E199D6E6700349048 /* ZSSCustomButtonsViewController.m */,
				DB1D27A41D79F62D00EC1CBD /* DemoModalViewController.h */,
				DB1D27A51D79F62D00EC1CBD /* DemoModalViewController.m */,
			);
			name = Demo;
			sourceTree = "<group>";
		};
		4552C4821899DD1D004EF847 /* CYRTextView */ = {
			isa = PBXGroup;
			children = (
				6CFBF9971ED42D22003D574C /* CYRLayoutManager.h */,
				6CFBF9981ED42D22003D574C /* CYRLayoutManager.m */,
				6CFBF9991ED42D22003D574C /* CYRTextStorage.h */,
				6CFBF99A1ED42D22003D574C /* CYRTextStorage.m */,
				6CFBF99B1ED42D22003D574C /* CYRTextView.h */,
				6CFBF99C1ED42D22003D574C /* CYRTextView.m */,
				6CFBF99D1ED42D22003D574C /* CYRToken.h */,
				6CFBF99E1ED42D22003D574C /* CYRToken.m */,
			);
			path = CYRTextView;
			sourceTree = "<group>";
		};
		4562858E184CFBE400B6168E /* Images */ = {
			isa = PBXGroup;
			children = (
				6C0C23A41ED3E3DD00C12BA4 /* t1@2x.png */,
				6C0C23A51ED3E3DD00C12BA4 /* t1@3x.png */,
				6C0C23A61ED3E3DD00C12BA4 /* t2@2x.png */,
				6C0C23A71ED3E3DD00C12BA4 /* t2@3x.png */,
				6C0C23A81ED3E3DD00C12BA4 /* t2点击@2x.png */,
				6C0C23A91ED3E3DD00C12BA4 /* t2点击@3x.png */,
				6C0C23AA1ED3E3DD00C12BA4 /* t3@2x.png */,
				6C0C23AB1ED3E3DD00C12BA4 /* t3@3x.png */,
				6C0C23AC1ED3E3DD00C12BA4 /* t3点击@2x.png */,
				6C0C23AD1ED3E3DD00C12BA4 /* t3点击@3x.png */,
				6C0C23AE1ED3E3DD00C12BA4 /* t4@2x.png */,
				6C0C23AF1ED3E3DD00C12BA4 /* t4@3x.png */,
				6C0C23B01ED3E3DD00C12BA4 /* t4点击@2x.png */,
				6C0C23B11ED3E3DD00C12BA4 /* t4点击@3x.png */,
				6C0C23B21ED3E3DD00C12BA4 /* t5@2x.png */,
				6C0C23B31ED3E3DD00C12BA4 /* t5@3x.png */,
				6C0C23B41ED3E3DD00C12BA4 /* t5点击@2x.png */,
				6C0C23B51ED3E3DD00C12BA4 /* t5点击@3x.png */,
				6C0C23B61ED3E3DD00C12BA4 /* t6@2x.png */,
				6C0C23B71ED3E3DD00C12BA4 /* t6@3x.png */,
				6C0C23B81ED3E3DD00C12BA4 /* t31@2x.png */,
				6C0C23B91ED3E3DD00C12BA4 /* t31@3x.png */,
				6C0C23BA1ED3E3DD00C12BA4 /* t31点击@2x.png */,
				6C0C23BB1ED3E3DD00C12BA4 /* t31点击@3x.png */,
				6C0C23BC1ED3E3DD00C12BA4 /* t32@2x.png */,
				6C0C23BD1ED3E3DD00C12BA4 /* t32@3x.png */,
				6C0C23BE1ED3E3DD00C12BA4 /* t32点击@2x.png */,
				6C0C23BF1ED3E3DD00C12BA4 /* t32点击@3x.png */,
				6C0C23C01ED3E3DD00C12BA4 /* t33@2x.png */,
				6C0C23C11ED3E3DD00C12BA4 /* t33@3x.png */,
				6C0C23C21ED3E3DD00C12BA4 /* t33点击@2x.png */,
				6C0C23C31ED3E3DD00C12BA4 /* t33点击@3x.png */,
				6C0C23C41ED3E3DD00C12BA4 /* t41@2x.png */,
				6C0C23C51ED3E3DD00C12BA4 /* t41@3x.png */,
				6C0C23C61ED3E3DD00C12BA4 /* t41点击@2x.png */,
				6C0C23C71ED3E3DD00C12BA4 /* t41点击@3x.png */,
				6C0C23C81ED3E3DD00C12BA4 /* t42@2x.png */,
				6C0C23C91ED3E3DD00C12BA4 /* t42@3x.png */,
				6C0C23CA1ED3E3DD00C12BA4 /* t42点击@2x.png */,
				6C0C23CB1ED3E3DD00C12BA4 /* t42点击@3x.png */,
				6C0C23CC1ED3E3DD00C12BA4 /* t51@2x.png */,
				6C0C23CD1ED3E3DD00C12BA4 /* t51@3x.png */,
				6C0C23CE1ED3E3DD00C12BA4 /* t51点击@2x.png */,
				6C0C23CF1ED3E3DD00C12BA4 /* t51点击@3x.png */,
				6C0C23D01ED3E3DD00C12BA4 /* t52@2x.png */,
				6C0C23D11ED3E3DD00C12BA4 /* t52@3x.png */,
				6C0C23D21ED3E3DD00C12BA4 /* t52点击@2x.png */,
				6C0C23D31ED3E3DD00C12BA4 /* t52点击@3x.png */,
				6C0C23D41ED3E3DD00C12BA4 /* t53@2x.png */,
				6C0C23D51ED3E3DD00C12BA4 /* t53@3x.png */,
				6C0C23D61ED3E3DD00C12BA4 /* t53点击@2x.png */,
				6C0C23D71ED3E3DD00C12BA4 /* t53点击@3x.png */,
				6C0C23D81ED3E3DD00C12BA4 /* Text-bold-tilt@2x.png */,
				6C0C23D91ED3E3DD00C12BA4 /* Text-bold-tilt@3x.png */,
				6C0C23DA1ED3E3DD00C12BA4 /* textrecognition@2x.png */,
				6C0C23DB1ED3E3DD00C12BA4 /* textrecognition@3x.png */,
			);
			name = Images;
			sourceTree = "<group>";
		};
		456A5977189C58C400FAEF89 /* Views */ = {
			isa = PBXGroup;
			children = (
				6C0C238D1ED3E36800C12BA4 /* RYIndicatorBackgroudView.h */,
				6C0C238E1ED3E36800C12BA4 /* RYIndicatorBackgroudView.m */,
				6C0C238F1ED3E36800C12BA4 /* ZSSBarButtonItem.h */,
				6C0C23901ED3E36800C12BA4 /* ZSSBarButtonItem.m */,
				6C0C23911ED3E36800C12BA4 /* ZSSFontsViewController.h */,
				6C0C23921ED3E36800C12BA4 /* ZSSFontsViewController.m */,
				6C0C23931ED3E36800C12BA4 /* ZSSTextView.h */,
				6C0C23941ED3E36800C12BA4 /* ZSSTextView.m */,
			);
			name = Views;
			sourceTree = "<group>";
		};
		4581EB73184845780048CAB0 = {
			isa = PBXGroup;
			children = (
				6CFBF8D61ED41B9D003D574C /* AipBase.framework */,
				6CFBF8D71ED41B9D003D574C /* AipOcrSdk.framework */,
				23065BF41A06BA67001BA0B0 /* Images.xcassets */,
				4581EB85184845790048CAB0 /* View Controllers */,
				4581EB7E184845790048CAB0 /* Frameworks */,
				4581EB7D184845790048CAB0 /* Products */,
				B2AC8562E6735F128F32DC40 /* Pods */,
			);
			sourceTree = "<group>";
		};
		4581EB7D184845790048CAB0 /* Products */ = {
			isa = PBXGroup;
			children = (
				4581EB7C184845790048CAB0 /* ZSSRichTextEditor.app */,
			);
			name = Products;
			sourceTree = "<group>";
		};
		4581EB7E184845790048CAB0 /* Frameworks */ = {
			isa = PBXGroup;
			children = (
				6CFBF8F01ED41D5D003D574C /* libc++.tbd */,
				6CFBF8EE1ED41D56003D574C /* libz.tbd */,
				6CFBF8EC1ED41D37003D574C /* QuartzCore.framework */,
				6CFBF8EA1ED41D2C003D574C /* AddressBook.framework */,
				6CFBF8E81ED41D26003D574C /* Contacts.framework */,
				6CFBF8E61ED41D20003D574C /* CoreLocation.framework */,
				6CFBF8E41ED41D17003D574C /* AudioToolbox.framework */,
				6CFBF8E21ED41D0D003D574C /* CoreTelephony.framework */,
				6CFBF8E01ED41D01003D574C /* SystemConfiguration.framework */,
				6CFBF8DE1ED41CF9003D574C /* AVFoundation.framework */,
				6CFBF8DC1ED41BB6003D574C /* iflyMSC.framework */,
				6C0C243B1ED3E75400C12BA4 /* AipBase.framework */,
				6C0C243C1ED3E75400C12BA4 /* AipOcrSdk.framework */,
				6C0C24391ED3E73000C12BA4 /* iflyMSC.framework */,
				4581EBAE1848459F0048CAB0 /* CoreText.framework */,
				4581EB7F184845790048CAB0 /* Foundation.framework */,
				4581EB81184845790048CAB0 /* CoreGraphics.framework */,
				4581EB83184845790048CAB0 /* UIKit.framework */,
				4581EB981848457A0048CAB0 /* XCTest.framework */,
				FCF165E01C6C6590D4DC06CB /* libPods-ZSSRichTextEditor.a */,
			);
			name = Frameworks;
			sourceTree = "<group>";
		};
		4581EB85184845790048CAB0 /* View Controllers */ = {
			isa = PBXGroup;
			children = (
				4581EBBC184B0FB10048CAB0 /* ZSSRichTextEditor */,
				2343B1D7199B2C3C00349048 /* Demo */,
				4581EB861848457A0048CAB0 /* Supporting Files */,
			);
			name = "View Controllers";
			path = ZSSRichTextEditor;
			sourceTree = "<group>";
		};
		4581EB861848457A0048CAB0 /* Supporting Files */ = {
			isa = PBXGroup;
			children = (
				4581EB8E1848457A0048CAB0 /* ZSSAppDelegate.h */,
				4581EB8F1848457A0048CAB0 /* ZSSAppDelegate.m */,
				2314CB9D198F4CEC00A126F6 /* 76.png */,
				2314CB9E198F4CEC00A126F6 /* 120.png */,
				2314CB9F198F4CEC00A126F6 /* 152.png */,
				45E38AB518AC3AA70079C928 /* Default-568h@2x.png */,
				456285B1184D55D800B6168E /* Icon@2x.png */,
				4581EB871848457A0048CAB0 /* ZSSRichTextEditor-Info.plist */,
				4581EB881848457A0048CAB0 /* InfoPlist.strings */,
				4581EB8B1848457A0048CAB0 /* main.m */,
				4581EB8D1848457A0048CAB0 /* ZSSRichTextEditor-Prefix.pch */,
			);
			name = "Supporting Files";
			sourceTree = "<group>";
		};
		4581EBBC184B0FB10048CAB0 /* ZSSRichTextEditor */ = {
			isa = PBXGroup;
			children = (
				45EC1D6018763A75009B6B61 /* Third Party */,
				4581EBBE184BB92E0048CAB0 /* Editor Resources */,
				456A5977189C58C400FAEF89 /* Views */,
				6C0C23991ED3E38500C12BA4 /* ZSSRichTextEditor.h */,
				6C0C239A1ED3E38600C12BA4 /* ZSSRichTextEditor.m */,
			);
			name = ZSSRichTextEditor;
			sourceTree = "<group>";
		};
		4581EBBE184BB92E0048CAB0 /* Editor Resources */ = {
			isa = PBXGroup;
			children = (
				4562858E184CFBE400B6168E /* Images */,
				6C0C239C1ED3E3AC00C12BA4 /* editor.html */,
				6C0C239D1ED3E3AC00C12BA4 /* jQuery.js */,
				6C0C239E1ED3E3AC00C12BA4 /* JSBeautifier.js */,
				6C0C239F1ED3E3AC00C12BA4 /* ZSSRichTextEditor.js */,
			);
			name = "Editor Resources";
			sourceTree = "<group>";
		};
		45EC1D6018763A75009B6B61 /* Third Party */ = {
			isa = PBXGroup;
			children = (
				6C0C24141ED3E3FF00C12BA4 /* IATConfig.h */,
				6C0C24151ED3E3FF00C12BA4 /* IATConfig.m */,
				6C0C24161ED3E3FF00C12BA4 /* ISRDataHelper.h */,
				6C0C24171ED3E3FF00C12BA4 /* ISRDataHelper.m */,
				4552C4821899DD1D004EF847 /* CYRTextView */,
				45EC1D6218763BDE009B6B61 /* ColorPicker */,
			);
			name = "Third Party";
			sourceTree = "<group>";
		};
		45EC1D6218763BDE009B6B61 /* ColorPicker */ = {
			isa = PBXGroup;
			children = (
				6CC96F381ED41B3E00715A50 /* HRBrightnessCursor.h */,
				6CC96F391ED41B3E00715A50 /* HRBrightnessCursor.m */,
				6CC96F3A1ED41B3E00715A50 /* HRCgUtil.h */,
				6CC96F3B1ED41B3E00715A50 /* HRCgUtil.m */,
				6CC96F3C1ED41B3E00715A50 /* HRColorCursor.h */,
				6CC96F3D1ED41B3E00715A50 /* HRColorCursor.m */,
				6CC96F3E1ED41B3E00715A50 /* HRColorPickerMacros.h */,
				6CC96F3F1ED41B3E00715A50 /* HRColorPickerView.h */,
				6CC96F401ED41B3E00715A50 /* HRColorPickerView.m */,
				6CC96F411ED41B3E00715A50 /* HRColorPickerViewController.h */,
				6CC96F421ED41B3E00715A50 /* HRColorPickerViewController.m */,
				6CC96F431ED41B3E00715A50 /* HRColorUtil.h */,
				6CC96F441ED41B3E00715A50 /* HRColorUtil.m */,
			);
			path = ColorPicker;
			sourceTree = "<group>";
		};
		B2AC8562E6735F128F32DC40 /* Pods */ = {
			isa = PBXGroup;
			children = (
				0A7D48CEE69C71F896266A02 /* Pods-ZSSRichTextEditor.debug.xcconfig */,
				DA51B4DC721F433D4DE2FCDC /* Pods-ZSSRichTextEditor.release.xcconfig */,
				06561609547B01459C9EE6E4 /* Pods-ZSSRichTextEditor.adhoc.xcconfig */,
			);
			name = Pods;
			sourceTree = "<group>";
		};
/* End PBXGroup section */

/* Begin PBXNativeTarget section */
		4581EB7B184845790048CAB0 /* ZSSRichTextEditor */ = {
			isa = PBXNativeTarget;
			buildConfigurationList = 4581EBA81848457C0048CAB0 /* Build configuration list for PBXNativeTarget "ZSSRichTextEditor" */;
			buildPhases = (
				30F7232BA7BA50F47045BEE7 /* [CP] Check Pods Manifest.lock */,
				4581EB78184845790048CAB0 /* Sources */,
				4581EB79184845790048CAB0 /* Frameworks */,
				4581EB7A184845790048CAB0 /* Resources */,
				6CC96F2B1ED41A8000715A50 /* Embed Frameworks */,
				737AF40250D71F12FCEF3ADB /* [CP] Embed Pods Frameworks */,
				7D4B58788C78818AB44A3264 /* [CP] Copy Pods Resources */,
			);
			buildRules = (
			);
			dependencies = (
			);
			name = ZSSRichTextEditor;
			productName = ZSSRichTextEditor;
			productReference = 4581EB7C184845790048CAB0 /* ZSSRichTextEditor.app */;
			productType = "com.apple.product-type.application";
		};
/* End PBXNativeTarget section */

/* Begin PBXProject section */
		4581EB74184845790048CAB0 /* Project object */ = {
			isa = PBXProject;
			attributes = {
				CLASSPREFIX = ZSS;
				LastUpgradeCheck = 0800;
				ORGANIZATIONNAME = "Zed Said Studio";
				TargetAttributes = {
					4581EB7B184845790048CAB0 = {
						DevelopmentTeam = BTM4Y3L66C;
						ProvisioningStyle = Automatic;
					};
				};
			};
			buildConfigurationList = 4581EB77184845790048CAB0 /* Build configuration list for PBXProject "ZSSRichTextEditor" */;
			compatibilityVersion = "Xcode 3.2";
			developmentRegion = English;
			hasScannedForEncodings = 0;
			knownRegions = (
				en,
			);
			mainGroup = 4581EB73184845780048CAB0;
			productRefGroup = 4581EB7D184845790048CAB0 /* Products */;
			projectDirPath = "";
			projectRoot = "";
			targets = (
				4581EB7B184845790048CAB0 /* ZSSRichTextEditor */,
			);
		};
/* End PBXProject section */

/* Begin PBXResourcesBuildPhase section */
		4581EB7A184845790048CAB0 /* Resources */ = {
			isa = PBXResourcesBuildPhase;
			buildActionMask = 2147483647;
			files = (
				6C0C23A01ED3E3AC00C12BA4 /* editor.html in Resources */,
				6C0C240B1ED3E3DD00C12BA4 /* t52点击@3x.png in Resources */,
				6C0C23EC1ED3E3DD00C12BA4 /* t5点击@2x.png in Resources */,
				6C0C240D1ED3E3DD00C12BA4 /* t53@3x.png in Resources */,
				6C0C24011ED3E3DD00C12BA4 /* t42@3x.png in Resources */,
				6C0C23F61ED3E3DD00C12BA4 /* t32点击@2x.png in Resources */,
				6C0C23EA1ED3E3DD00C12BA4 /* t5@2x.png in Resources */,
				6C0C23FD1ED3E3DD00C12BA4 /* t41@3x.png in Resources */,
				6C0C23A31ED3E3AC00C12BA4 /* ZSSRichTextEditor.js in Resources */,
				6C0C24021ED3E3DD00C12BA4 /* t42点击@2x.png in Resources */,
				6C0C23E11ED3E3DD00C12BA4 /* t2点击@3x.png in Resources */,
				6C0C23EB1ED3E3DD00C12BA4 /* t5@3x.png in Resources */,
				6C0C23F11ED3E3DD00C12BA4 /* t31@3x.png in Resources */,
				6C0C23EF1ED3E3DD00C12BA4 /* t6@3x.png in Resources */,
				6C0C23E01ED3E3DD00C12BA4 /* t2点击@2x.png in Resources */,
				6C0C24101ED3E3DD00C12BA4 /* Text-bold-tilt@2x.png in Resources */,
				6C0C23A11ED3E3AC00C12BA4 /* jQuery.js in Resources */,
				456285B2184D55D800B6168E /* Icon@2x.png in Resources */,
				6C0C23FC1ED3E3DD00C12BA4 /* t41@2x.png in Resources */,
				6C0C23DD1ED3E3DD00C12BA4 /* t1@3x.png in Resources */,
				2314CBA0198F4CEC00A126F6 /* 76.png in Resources */,
				6C0C23F51ED3E3DD00C12BA4 /* t32@3x.png in Resources */,
				6C0C240E1ED3E3DD00C12BA4 /* t53点击@2x.png in Resources */,
				6C0C23E61ED3E3DD00C12BA4 /* t4@2x.png in Resources */,
				6C0C23DE1ED3E3DD00C12BA4 /* t2@2x.png in Resources */,
				4581EB8A1848457A0048CAB0 /* InfoPlist.strings in Resources */,
				6C0C240C1ED3E3DD00C12BA4 /* t53@2x.png in Resources */,
				6C0C23E71ED3E3DD00C12BA4 /* t4@3x.png in Resources */,
				6C0C23FA1ED3E3DD00C12BA4 /* t33点击@2x.png in Resources */,
				6C0C240A1ED3E3DD00C12BA4 /* t52点击@2x.png in Resources */,
				2314CBA2198F4CEC00A126F6 /* 152.png in Resources */,
				6C0C23E51ED3E3DD00C12BA4 /* t3点击@3x.png in Resources */,
				6C0C24081ED3E3DD00C12BA4 /* t52@2x.png in Resources */,
				6C0C24031ED3E3DD00C12BA4 /* t42点击@3x.png in Resources */,
				6C0C23F71ED3E3DD00C12BA4 /* t32点击@3x.png in Resources */,
				6C0C23DC1ED3E3DD00C12BA4 /* t1@2x.png in Resources */,
				6C0C24091ED3E3DD00C12BA4 /* t52@3x.png in Resources */,
				23065BF51A06BA67001BA0B0 /* Images.xcassets in Resources */,
				6C0C23F31ED3E3DD00C12BA4 /* t31点击@3x.png in Resources */,
				6C0C24061ED3E3DD00C12BA4 /* t51点击@2x.png in Resources */,
				6C0C23F81ED3E3DD00C12BA4 /* t33@2x.png in Resources */,
				6C0C24131ED3E3DD00C12BA4 /* textrecognition@3x.png in Resources */,
				6C0C23FF1ED3E3DD00C12BA4 /* t41点击@3x.png in Resources */,
				6C0C24071ED3E3DD00C12BA4 /* t51点击@3x.png in Resources */,
				6C0C24041ED3E3DD00C12BA4 /* t51@2x.png in Resources */,
				6C0C23E21ED3E3DD00C12BA4 /* t3@2x.png in Resources */,
				2314CBA1198F4CEC00A126F6 /* 120.png in Resources */,
				6C0C23E41ED3E3DD00C12BA4 /* t3点击@2x.png in Resources */,
				6C0C24111ED3E3DD00C12BA4 /* Text-bold-tilt@3x.png in Resources */,
				6C0C24001ED3E3DD00C12BA4 /* t42@2x.png in Resources */,
				6C0C24121ED3E3DD00C12BA4 /* textrecognition@2x.png in Resources */,
				6C0C23A21ED3E3AC00C12BA4 /* JSBeautifier.js in Resources */,
				6C0C23E81ED3E3DD00C12BA4 /* t4点击@2x.png in Resources */,
				6C0C23ED1ED3E3DD00C12BA4 /* t5点击@3x.png in Resources */,
				6C0C23FB1ED3E3DD00C12BA4 /* t33点击@3x.png in Resources */,
				6C0C23F41ED3E3DD00C12BA4 /* t32@2x.png in Resources */,
				6C0C23DF1ED3E3DD00C12BA4 /* t2@3x.png in Resources */,
				6C0C23F91ED3E3DD00C12BA4 /* t33@3x.png in Resources */,
				6C0C240F1ED3E3DD00C12BA4 /* t53点击@3x.png in Resources */,
				6C0C23E91ED3E3DD00C12BA4 /* t4点击@3x.png in Resources */,
				45E38AB618AC3AA70079C928 /* Default-568h@2x.png in Resources */,
				6C0C24051ED3E3DD00C12BA4 /* t51@3x.png in Resources */,
				6C0C23EE1ED3E3DD00C12BA4 /* t6@2x.png in Resources */,
				6C0C23F21ED3E3DD00C12BA4 /* t31点击@2x.png in Resources */,
				6C0C23E31ED3E3DD00C12BA4 /* t3@3x.png in Resources */,
				6C0C23FE1ED3E3DD00C12BA4 /* t41点击@2x.png in Resources */,
				6C0C23F01ED3E3DD00C12BA4 /* t31@2x.png in Resources */,
			);
			runOnlyForDeploymentPostprocessing = 0;
		};
/* End PBXResourcesBuildPhase section */

/* Begin PBXShellScriptBuildPhase section */
		30F7232BA7BA50F47045BEE7 /* [CP] Check Pods Manifest.lock */ = {
			isa = PBXShellScriptBuildPhase;
			buildActionMask = 2147483647;
			files = (
			);
			inputPaths = (
			);
			name = "[CP] Check Pods Manifest.lock";
			outputPaths = (
			);
			runOnlyForDeploymentPostprocessing = 0;
			shellPath = /bin/sh;
			shellScript = "diff \"${PODS_PODFILE_DIR_PATH}/Podfile.lock\" \"${PODS_ROOT}/Manifest.lock\" > /dev/null\nif [ $? != 0 ] ; then\n    # print error to STDERR\n    echo \"error: The sandbox is not in sync with the Podfile.lock. Run 'pod install' or update your CocoaPods installation.\" >&2\n    exit 1\nfi\n";
			showEnvVarsInLog = 0;
		};
		737AF40250D71F12FCEF3ADB /* [CP] Embed Pods Frameworks */ = {
			isa = PBXShellScriptBuildPhase;
			buildActionMask = 2147483647;
			files = (
			);
			inputPaths = (
			);
			name = "[CP] Embed Pods Frameworks";
			outputPaths = (
			);
			runOnlyForDeploymentPostprocessing = 0;
			shellPath = /bin/sh;
			shellScript = "\"${SRCROOT}/Pods/Target Support Files/Pods-ZSSRichTextEditor/Pods-ZSSRichTextEditor-frameworks.sh\"\n";
			showEnvVarsInLog = 0;
		};
		7D4B58788C78818AB44A3264 /* [CP] Copy Pods Resources */ = {
			isa = PBXShellScriptBuildPhase;
			buildActionMask = 2147483647;
			files = (
			);
			inputPaths = (
			);
			name = "[CP] Copy Pods Resources";
			outputPaths = (
			);
			runOnlyForDeploymentPostprocessing = 0;
			shellPath = /bin/sh;
			shellScript = "\"${SRCROOT}/Pods/Target Support Files/Pods-ZSSRichTextEditor/Pods-ZSSRichTextEditor-resources.sh\"\n";
			showEnvVarsInLog = 0;
		};
/* End PBXShellScriptBuildPhase section */

/* Begin PBXSourcesBuildPhase section */
		4581EB78184845790048CAB0 /* Sources */ = {
			isa = PBXSourcesBuildPhase;
			buildActionMask = 2147483647;
			files = (
				2343B1DA199B2C9300349048 /* ZSSDemoList.m in Sources */,
				6CFBF9A01ED42D22003D574C /* CYRTextStorage.m in Sources */,
				2343B22F199D6E6700349048 /* ZSSCustomButtonsViewController.m in Sources */,
				2343B22C199D6D6400349048 /* ZSSSelectiveViewController.m in Sources */,
				6C0C239B1ED3E38600C12BA4 /* ZSSRichTextEditor.m in Sources */,
				6C0C23961ED3E36800C12BA4 /* ZSSBarButtonItem.m in Sources */,
				6C0C23981ED3E36800C12BA4 /* ZSSTextView.m in Sources */,
				6CFBF9A11ED42D22003D574C /* CYRTextView.m in Sources */,
				6CC96F471ED41B3E00715A50 /* HRColorCursor.m in Sources */,
				2343B1E0199BE4D000349048 /* ZSSLargeViewController.m in Sources */,
				6CC96F491ED41B3E00715A50 /* HRColorPickerViewController.m in Sources */,
				4581EB8C1848457A0048CAB0 /* main.m in Sources */,
				2343B1DD199B34B500349048 /* ZSSColorViewController.m in Sources */,
				6C0C23971ED3E36800C12BA4 /* ZSSFontsViewController.m in Sources */,
				6CC96F451ED41B3E00715A50 /* HRBrightnessCursor.m in Sources */,
				6CC96F481ED41B3E00715A50 /* HRColorPickerView.m in Sources */,
				4581EB901848457A0048CAB0 /* ZSSAppDelegate.m in Sources */,
				6C0C24191ED3E3FF00C12BA4 /* ISRDataHelper.m in Sources */,
				6CFBF9A21ED42D22003D574C /* CYRToken.m in Sources */,
				6CC96F461ED41B3E00715A50 /* HRCgUtil.m in Sources */,
				6CC96F4A1ED41B3E00715A50 /* HRColorUtil.m in Sources */,
				2343B229199D237100349048 /* ZSSPlaceholderViewController.m in Sources */,
				6CFBF99F1ED42D22003D574C /* CYRLayoutManager.m in Sources */,
				6C0C24181ED3E3FF00C12BA4 /* IATConfig.m in Sources */,
				4581EBB81848F8190048CAB0 /* ZSSDemoViewController.m in Sources */,
				6C0C23951ED3E36800C12BA4 /* RYIndicatorBackgroudView.m in Sources */,
				DB1D27A61D79F62D00EC1CBD /* DemoModalViewController.m in Sources */,
				45F80458189B1E9300A1EDD9 /* ZSSDemoPickerViewController.m in Sources */,
			);
			runOnlyForDeploymentPostprocessing = 0;
		};
/* End PBXSourcesBuildPhase section */

/* Begin PBXVariantGroup section */
		4581EB881848457A0048CAB0 /* InfoPlist.strings */ = {
			isa = PBXVariantGroup;
			children = (
				4581EB891848457A0048CAB0 /* en */,
			);
			name = InfoPlist.strings;
			sourceTree = "<group>";
		};
/* End PBXVariantGroup section */

/* Begin XCBuildConfiguration section */
		23013BC4198C30A600C55598 /* Adhoc */ = {
			isa = XCBuildConfiguration;
			buildSettings = {
				ALWAYS_SEARCH_USER_PATHS = NO;
				CLANG_CXX_LANGUAGE_STANDARD = "gnu++0x";
				CLANG_CXX_LIBRARY = "libc++";
				CLANG_ENABLE_MODULES = YES;
				CLANG_ENABLE_OBJC_ARC = YES;
				CLANG_WARN_BOOL_CONVERSION = YES;
				CLANG_WARN_CONSTANT_CONVERSION = YES;
				CLANG_WARN_DIRECT_OBJC_ISA_USAGE = YES_ERROR;
				CLANG_WARN_EMPTY_BODY = YES;
				CLANG_WARN_ENUM_CONVERSION = YES;
				CLANG_WARN_INFINITE_RECURSION = YES;
				CLANG_WARN_INT_CONVERSION = YES;
				CLANG_WARN_OBJC_ROOT_CLASS = YES_ERROR;
				CLANG_WARN_SUSPICIOUS_MOVE = YES;
				CLANG_WARN_UNREACHABLE_CODE = YES;
				CLANG_WARN__DUPLICATE_METHOD_MATCH = YES;
				CODE_SIGN_IDENTITY = "";
				"CODE_SIGN_IDENTITY[sdk=iphoneos*]" = "iPhone Developer";
				COPY_PHASE_STRIP = YES;
				ENABLE_NS_ASSERTIONS = NO;
				ENABLE_STRICT_OBJC_MSGSEND = YES;
				GCC_C_LANGUAGE_STANDARD = gnu99;
				GCC_NO_COMMON_BLOCKS = YES;
				GCC_WARN_64_TO_32_BIT_CONVERSION = YES;
				GCC_WARN_ABOUT_RETURN_TYPE = YES_ERROR;
				GCC_WARN_UNDECLARED_SELECTOR = YES;
				GCC_WARN_UNINITIALIZED_AUTOS = YES;
				GCC_WARN_UNUSED_FUNCTION = YES;
				GCC_WARN_UNUSED_VARIABLE = YES;
				IPHONEOS_DEPLOYMENT_TARGET = 8.0;
				SDKROOT = iphoneos;
				TARGETED_DEVICE_FAMILY = "1,2";
				VALIDATE_PRODUCT = YES;
			};
			name = Adhoc;
		};
		23013BC5198C30A600C55598 /* Adhoc */ = {
			isa = XCBuildConfiguration;
			baseConfigurationReference = 06561609547B01459C9EE6E4 /* Pods-ZSSRichTextEditor.adhoc.xcconfig */;
			buildSettings = {
				ASSETCATALOG_COMPILER_APPICON_NAME = AppIcon;
				ASSETCATALOG_COMPILER_LAUNCHIMAGE_NAME = LaunchImage;
				CODE_SIGN_IDENTITY = "";
				"CODE_SIGN_IDENTITY[sdk=iphoneos*]" = "iPhone Developer";
				DEVELOPMENT_TEAM = BTM4Y3L66C;
				ENABLE_BITCODE = NO;
				FRAMEWORK_SEARCH_PATHS = (
					"$(inherited)",
					"$(PROJECT_DIR)/ZSSRichTextEditor",
					"$(PROJECT_DIR)/ZSSRichTextEditor/TWRichTextEditor/ThirdParty",
				);
				GCC_PRECOMPILE_PREFIX_HEADER = YES;
				GCC_PREFIX_HEADER = "ZSSRichTextEditor/ZSSRichTextEditor-Prefix.pch";
				INFOPLIST_FILE = "ZSSRichTextEditor/ZSSRichTextEditor-Info.plist";
				IPHONEOS_DEPLOYMENT_TARGET = 8.0;
				LD_RUNPATH_SEARCH_PATHS = "$(inherited) @executable_path/Frameworks";
				PRODUCT_BUNDLE_IDENTIFIER = com.1001nights.RichTextEditor;
				PRODUCT_NAME = ZSSRichTextEditor;
				PROVISIONING_PROFILE = "";
				WRAPPER_EXTENSION = app;
			};
			name = Adhoc;
		};
		4581EBA61848457C0048CAB0 /* Debug */ = {
			isa = XCBuildConfiguration;
			buildSettings = {
				ALWAYS_SEARCH_USER_PATHS = NO;
				CLANG_CXX_LANGUAGE_STANDARD = "gnu++0x";
				CLANG_CXX_LIBRARY = "libc++";
				CLANG_ENABLE_MODULES = YES;
				CLANG_ENABLE_OBJC_ARC = YES;
				CLANG_WARN_BOOL_CONVERSION = YES;
				CLANG_WARN_CONSTANT_CONVERSION = YES;
				CLANG_WARN_DIRECT_OBJC_ISA_USAGE = YES_ERROR;
				CLANG_WARN_EMPTY_BODY = YES;
				CLANG_WARN_ENUM_CONVERSION = YES;
				CLANG_WARN_INFINITE_RECURSION = YES;
				CLANG_WARN_INT_CONVERSION = YES;
				CLANG_WARN_OBJC_ROOT_CLASS = YES_ERROR;
				CLANG_WARN_SUSPICIOUS_MOVE = YES;
				CLANG_WARN_UNREACHABLE_CODE = YES;
				CLANG_WARN__DUPLICATE_METHOD_MATCH = YES;
				CODE_SIGN_IDENTITY = "";
				"CODE_SIGN_IDENTITY[sdk=iphoneos*]" = "iPhone Developer";
				COPY_PHASE_STRIP = NO;
				ENABLE_STRICT_OBJC_MSGSEND = YES;
				ENABLE_TESTABILITY = YES;
				GCC_C_LANGUAGE_STANDARD = gnu99;
				GCC_DYNAMIC_NO_PIC = NO;
				GCC_NO_COMMON_BLOCKS = YES;
				GCC_OPTIMIZATION_LEVEL = 0;
				GCC_PREPROCESSOR_DEFINITIONS = (
					"DEBUG=1",
					"$(inherited)",
				);
				GCC_SYMBOLS_PRIVATE_EXTERN = NO;
				GCC_WARN_64_TO_32_BIT_CONVERSION = YES;
				GCC_WARN_ABOUT_RETURN_TYPE = YES_ERROR;
				GCC_WARN_UNDECLARED_SELECTOR = YES;
				GCC_WARN_UNINITIALIZED_AUTOS = YES;
				GCC_WARN_UNUSED_FUNCTION = YES;
				GCC_WARN_UNUSED_VARIABLE = YES;
				IPHONEOS_DEPLOYMENT_TARGET = 8.0;
				ONLY_ACTIVE_ARCH = YES;
				SDKROOT = iphoneos;
				TARGETED_DEVICE_FAMILY = "1,2";
			};
			name = Debug;
		};
		4581EBA71848457C0048CAB0 /* Release */ = {
			isa = XCBuildConfiguration;
			buildSettings = {
				ALWAYS_SEARCH_USER_PATHS = NO;
				CLANG_CXX_LANGUAGE_STANDARD = "gnu++0x";
				CLANG_CXX_LIBRARY = "libc++";
				CLANG_ENABLE_MODULES = YES;
				CLANG_ENABLE_OBJC_ARC = YES;
				CLANG_WARN_BOOL_CONVERSION = YES;
				CLANG_WARN_CONSTANT_CONVERSION = YES;
				CLANG_WARN_DIRECT_OBJC_ISA_USAGE = YES_ERROR;
				CLANG_WARN_EMPTY_BODY = YES;
				CLANG_WARN_ENUM_CONVERSION = YES;
				CLANG_WARN_INFINITE_RECURSION = YES;
				CLANG_WARN_INT_CONVERSION = YES;
				CLANG_WARN_OBJC_ROOT_CLASS = YES_ERROR;
				CLANG_WARN_SUSPICIOUS_MOVE = YES;
				CLANG_WARN_UNREACHABLE_CODE = YES;
				CLANG_WARN__DUPLICATE_METHOD_MATCH = YES;
				CODE_SIGN_IDENTITY = "";
				"CODE_SIGN_IDENTITY[sdk=iphoneos*]" = "iPhone Developer";
				COPY_PHASE_STRIP = YES;
				ENABLE_NS_ASSERTIONS = NO;
				ENABLE_STRICT_OBJC_MSGSEND = YES;
				GCC_C_LANGUAGE_STANDARD = gnu99;
				GCC_NO_COMMON_BLOCKS = YES;
				GCC_WARN_64_TO_32_BIT_CONVERSION = YES;
				GCC_WARN_ABOUT_RETURN_TYPE = YES_ERROR;
				GCC_WARN_UNDECLARED_SELECTOR = YES;
				GCC_WARN_UNINITIALIZED_AUTOS = YES;
				GCC_WARN_UNUSED_FUNCTION = YES;
				GCC_WARN_UNUSED_VARIABLE = YES;
				IPHONEOS_DEPLOYMENT_TARGET = 8.0;
				SDKROOT = iphoneos;
				TARGETED_DEVICE_FAMILY = "1,2";
				VALIDATE_PRODUCT = YES;
			};
			name = Release;
		};
		4581EBA91848457C0048CAB0 /* Debug */ = {
			isa = XCBuildConfiguration;
			baseConfigurationReference = 0A7D48CEE69C71F896266A02 /* Pods-ZSSRichTextEditor.debug.xcconfig */;
			buildSettings = {
				ASSETCATALOG_COMPILER_APPICON_NAME = AppIcon;
				ASSETCATALOG_COMPILER_LAUNCHIMAGE_NAME = LaunchImage;
				CODE_SIGN_IDENTITY = "";
				"CODE_SIGN_IDENTITY[sdk=iphoneos*]" = "iPhone Developer";
				DEVELOPMENT_TEAM = BTM4Y3L66C;
				ENABLE_BITCODE = NO;
				FRAMEWORK_SEARCH_PATHS = (
					"$(inherited)",
					"$(PROJECT_DIR)/ZSSRichTextEditor",
					"$(PROJECT_DIR)/ZSSRichTextEditor/TWRichTextEditor/ThirdParty",
				);
				GCC_PRECOMPILE_PREFIX_HEADER = YES;
				GCC_PREFIX_HEADER = "ZSSRichTextEditor/ZSSRichTextEditor-Prefix.pch";
				INFOPLIST_FILE = "ZSSRichTextEditor/ZSSRichTextEditor-Info.plist";
				IPHONEOS_DEPLOYMENT_TARGET = 8.0;
				LD_RUNPATH_SEARCH_PATHS = "$(inherited) @executable_path/Frameworks";
				PRODUCT_BUNDLE_IDENTIFIER = com.1001nights.RichTextEditor;
				PRODUCT_NAME = ZSSRichTextEditor;
				PROVISIONING_PROFILE = "";
				WRAPPER_EXTENSION = app;
			};
			name = Debug;
		};
		4581EBAA1848457C0048CAB0 /* Release */ = {
			isa = XCBuildConfiguration;
			baseConfigurationReference = DA51B4DC721F433D4DE2FCDC /* Pods-ZSSRichTextEditor.release.xcconfig */;
			buildSettings = {
				ASSETCATALOG_COMPILER_APPICON_NAME = AppIcon;
				ASSETCATALOG_COMPILER_LAUNCHIMAGE_NAME = LaunchImage;
				CODE_SIGN_IDENTITY = "";
				"CODE_SIGN_IDENTITY[sdk=iphoneos*]" = "iPhone Developer";
				DEVELOPMENT_TEAM = BTM4Y3L66C;
				ENABLE_BITCODE = NO;
				FRAMEWORK_SEARCH_PATHS = (
					"$(inherited)",
					"$(PROJECT_DIR)/ZSSRichTextEditor",
					"$(PROJECT_DIR)/ZSSRichTextEditor/TWRichTextEditor/ThirdParty",
				);
				GCC_PRECOMPILE_PREFIX_HEADER = YES;
				GCC_PREFIX_HEADER = "ZSSRichTextEditor/ZSSRichTextEditor-Prefix.pch";
				INFOPLIST_FILE = "ZSSRichTextEditor/ZSSRichTextEditor-Info.plist";
				IPHONEOS_DEPLOYMENT_TARGET = 8.0;
				LD_RUNPATH_SEARCH_PATHS = "$(inherited) @executable_path/Frameworks";
				PRODUCT_BUNDLE_IDENTIFIER = com.1001nights.RichTextEditor;
				PRODUCT_NAME = ZSSRichTextEditor;
				PROVISIONING_PROFILE = "";
				WRAPPER_EXTENSION = app;
			};
			name = Release;
		};
/* End XCBuildConfiguration section */

/* Begin XCConfigurationList section */
		4581EB77184845790048CAB0 /* Build configuration list for PBXProject "ZSSRichTextEditor" */ = {
			isa = XCConfigurationList;
			buildConfigurations = (
				4581EBA61848457C0048CAB0 /* Debug */,
				4581EBA71848457C0048CAB0 /* Release */,
				23013BC4198C30A600C55598 /* Adhoc */,
			);
			defaultConfigurationIsVisible = 0;
			defaultConfigurationName = Release;
		};
		4581EBA81848457C0048CAB0 /* Build configuration list for PBXNativeTarget "ZSSRichTextEditor" */ = {
			isa = XCConfigurationList;
			buildConfigurations = (
				4581EBA91848457C0048CAB0 /* Debug */,
				4581EBAA1848457C0048CAB0 /* Release */,
				23013BC5198C30A600C55598 /* Adhoc */,
			);
			defaultConfigurationIsVisible = 0;
			defaultConfigurationName = Release;
		};
/* End XCConfigurationList section */
	};
	rootObject = 4581EB74184845790048CAB0 /* Project object */;
}
