PODS:
  - TWFreshLoadingView (0.8.0)
  - TWRichTextEditor (1.0.0):
    - TWFreshLoadingView (~> 0.8.0)

DEPENDENCIES:
  - TWRichTextEditor (from `https://github.com/1001hotel/TWRichTextEditor.git`)

EXTERNAL SOURCES:
  TWRichTextEditor:
    :git: https://github.com/1001hotel/TWRichTextEditor.git

CHECKOUT OPTIONS:
  TWRichTextEditor:
    :commit: 867dd582bb0cb71a2e2b1d44dca08bbb8fed797b
    :git: https://github.com/1001hotel/TWRichTextEditor.git

SPEC CHECKSUMS:
  TWFreshLoadingView: e6f6b857455fc0dc52986f229af29b78c6536018
  TWRichTextEditor: 0eb08f68d78c2066e685047426960673f28fbee8

PODFILE CHECKSUM: e4e122459d4a0e31ceeca4e392ca866a178306f3

COCOAPODS: 1.2.1
